// !$*UTF8*$!
{
	archiveVersion = 1;
	classes = {
	};
	objectVersion = 46;
	objects = {

/* Begin PBXBuildFile section */
		84297A9D1A21407D0070E151 /* MapKit.framework in Frameworks */ = {isa = PBXBuildFile; fileRef = 84297A9C1A21407D0070E151 /* MapKit.framework */; };
		84297AA61A2142A20070E151 /* OSXWindowController.m in Sources */ = {isa = PBXBuildFile; fileRef = 84297AA51A2142A20070E151 /* OSXWindowController.m */; };
		84297AA91A2143F30070E151 /* OSXSplitViewController.m in Sources */ = {isa = PBXBuildFile; fileRef = 84297AA81A2143F30070E151 /* OSXSplitViewController.m */; };
		84297AAF1A21DFEA0070E151 /* OSXListTableView.m in Sources */ = {isa = PBXBuildFile; fileRef = 84297AAE1A21DFEA0070E151 /* OSXListTableView.m */; };
		84297AB81A21EAA10070E151 /* OSXMapViewController.m in Sources */ = {isa = PBXBuildFile; fileRef = 84297AB61A21EAA10070E151 /* OSXMapViewController.m */; };
		84297ABC1A21EDB70070E151 /* OSXSplitView.m in Sources */ = {isa = PBXBuildFile; fileRef = 84297ABB1A21EDB70070E151 /* OSXSplitView.m */; };
		845558671A291036003127B3 /* IOSSplitViewController.m in Sources */ = {isa = PBXBuildFile; fileRef = 845558661A291036003127B3 /* IOSSplitViewController.m */; };
		8455586B1A2912A3003127B3 /* IOSMapViewController.m in Sources */ = {isa = PBXBuildFile; fileRef = 8455586A1A2912A3003127B3 /* IOSMapViewController.m */; };
		8455586E1A291808003127B3 /* MapKit.framework in Frameworks */ = {isa = PBXBuildFile; fileRef = 8455586D1A291808003127B3 /* MapKit.framework */; };
		845558711A291C17003127B3 /* IOSDetailViewController.m in Sources */ = {isa = PBXBuildFile; fileRef = 845558701A291C17003127B3 /* IOSDetailViewController.m */; };
		8475976D1A28A2490013824D /* OSXCollectionView.m in Sources */ = {isa = PBXBuildFile; fileRef = 8475976C1A28A2490013824D /* OSXCollectionView.m */; };
		847597791A28A3820013824D /* OSXGraphView.m in Sources */ = {isa = PBXBuildFile; fileRef = 847597781A28A3820013824D /* OSXGraphView.m */; };
		8486FDFE1A29BDB4003AB3EE /* IOSListTableViewCell.m in Sources */ = {isa = PBXBuildFile; fileRef = 8486FDFD1A29BDB4003AB3EE /* IOSListTableViewCell.m */; };
		8486FE071A29CA7B003AB3EE /* Location.m in Sources */ = {isa = PBXBuildFile; fileRef = 8486FE061A29CA7B003AB3EE /* Location.m */; };
		8486FE081A29CA7B003AB3EE /* Location.m in Sources */ = {isa = PBXBuildFile; fileRef = 8486FE061A29CA7B003AB3EE /* Location.m */; };
		84B808C21A29F8BC0074DF01 /* LocationManager.m in Sources */ = {isa = PBXBuildFile; fileRef = 84B808C11A29F8BC0074DF01 /* LocationManager.m */; };
		84B808C31A29F8BC0074DF01 /* LocationManager.m in Sources */ = {isa = PBXBuildFile; fileRef = 84B808C11A29F8BC0074DF01 /* LocationManager.m */; };
		84CB76241A288D47008D6775 /* OSXDetailViewController.m in Sources */ = {isa = PBXBuildFile; fileRef = 84CB76221A288D47008D6775 /* OSXDetailViewController.m */; };
		84CB762E1A288D83008D6775 /* OSXTabView.m in Sources */ = {isa = PBXBuildFile; fileRef = 84CB762D1A288D83008D6775 /* OSXTabView.m */; };
		84CB76311A288E19008D6775 /* OSXCollectionViewController.m in Sources */ = {isa = PBXBuildFile; fileRef = 84CB76301A288E19008D6775 /* OSXCollectionViewController.m */; };
		84CB76361A288E74008D6775 /* OSXGraphViewController.m in Sources */ = {isa = PBXBuildFile; fileRef = 84CB76341A288E74008D6775 /* OSXGraphViewController.m */; };
		84E084111A1B987C0071D662 /* main.m in Sources */ = {isa = PBXBuildFile; fileRef = 84E084101A1B987C0071D662 /* main.m */; };
		84E084141A1B987C0071D662 /* IOSAppDelegate.m in Sources */ = {isa = PBXBuildFile; fileRef = 84E084131A1B987C0071D662 /* IOSAppDelegate.m */; };
		84E0841A1A1B987C0071D662 /* IOSListViewController.m in Sources */ = {isa = PBXBuildFile; fileRef = 84E084191A1B987C0071D662 /* IOSListViewController.m */; };
		84E0841D1A1B987C0071D662 /* Main.storyboard in Resources */ = {isa = PBXBuildFile; fileRef = 84E0841B1A1B987C0071D662 /* Main.storyboard */; };
		84E0841F1A1B987C0071D662 /* Images.xcassets in Resources */ = {isa = PBXBuildFile; fileRef = 84E0841E1A1B987C0071D662 /* Images.xcassets */; };
		84E084221A1B987C0071D662 /* LaunchScreen.xib in Resources */ = {isa = PBXBuildFile; fileRef = 84E084201A1B987C0071D662 /* LaunchScreen.xib */; };
		84E0842E1A1B987C0071D662 /* WeatherFrog_for_iOSTests.m in Sources */ = {isa = PBXBuildFile; fileRef = 84E0842D1A1B987C0071D662 /* WeatherFrog_for_iOSTests.m */; };
		84E0843F1A1B988D0071D662 /* OSXAppDelegate.m in Sources */ = {isa = PBXBuildFile; fileRef = 84E0843E1A1B988D0071D662 /* OSXAppDelegate.m */; };
		84E084411A1B988D0071D662 /* main.m in Sources */ = {isa = PBXBuildFile; fileRef = 84E084401A1B988D0071D662 /* main.m */; };
		84E084441A1B988D0071D662 /* OSXListViewController.m in Sources */ = {isa = PBXBuildFile; fileRef = 84E084431A1B988D0071D662 /* OSXListViewController.m */; };
		84E084461A1B988E0071D662 /* Images.xcassets in Resources */ = {isa = PBXBuildFile; fileRef = 84E084451A1B988D0071D662 /* Images.xcassets */; };
		84E084491A1B988E0071D662 /* Main.storyboard in Resources */ = {isa = PBXBuildFile; fileRef = 84E084471A1B988E0071D662 /* Main.storyboard */; };
		84E084551A1B988E0071D662 /* WeatherFrog_for_OSXTests.m in Sources */ = {isa = PBXBuildFile; fileRef = 84E084541A1B988E0071D662 /* WeatherFrog_for_OSXTests.m */; };
		84E084711A1B99D20071D662 /* AFHTTPRequestOperation.m in Sources */ = {isa = PBXBuildFile; fileRef = 84E0845F1A1B99D20071D662 /* AFHTTPRequestOperation.m */; };
		84E084721A1B99D20071D662 /* AFHTTPRequestOperation.m in Sources */ = {isa = PBXBuildFile; fileRef = 84E0845F1A1B99D20071D662 /* AFHTTPRequestOperation.m */; };
		84E084731A1B99D20071D662 /* AFHTTPRequestOperationManager.m in Sources */ = {isa = PBXBuildFile; fileRef = 84E084611A1B99D20071D662 /* AFHTTPRequestOperationManager.m */; };
		84E084741A1B99D20071D662 /* AFHTTPRequestOperationManager.m in Sources */ = {isa = PBXBuildFile; fileRef = 84E084611A1B99D20071D662 /* AFHTTPRequestOperationManager.m */; };
		84E084751A1B99D20071D662 /* AFHTTPSessionManager.m in Sources */ = {isa = PBXBuildFile; fileRef = 84E084631A1B99D20071D662 /* AFHTTPSessionManager.m */; };
		84E084761A1B99D20071D662 /* AFHTTPSessionManager.m in Sources */ = {isa = PBXBuildFile; fileRef = 84E084631A1B99D20071D662 /* AFHTTPSessionManager.m */; };
		84E084771A1B99D20071D662 /* AFNetworkReachabilityManager.m in Sources */ = {isa = PBXBuildFile; fileRef = 84E084661A1B99D20071D662 /* AFNetworkReachabilityManager.m */; };
		84E084781A1B99D20071D662 /* AFNetworkReachabilityManager.m in Sources */ = {isa = PBXBuildFile; fileRef = 84E084661A1B99D20071D662 /* AFNetworkReachabilityManager.m */; };
		84E084791A1B99D20071D662 /* AFSecurityPolicy.m in Sources */ = {isa = PBXBuildFile; fileRef = 84E084681A1B99D20071D662 /* AFSecurityPolicy.m */; };
		84E0847A1A1B99D20071D662 /* AFSecurityPolicy.m in Sources */ = {isa = PBXBuildFile; fileRef = 84E084681A1B99D20071D662 /* AFSecurityPolicy.m */; };
		84E0847B1A1B99D20071D662 /* AFURLConnectionOperation.m in Sources */ = {isa = PBXBuildFile; fileRef = 84E0846A1A1B99D20071D662 /* AFURLConnectionOperation.m */; };
		84E0847C1A1B99D20071D662 /* AFURLConnectionOperation.m in Sources */ = {isa = PBXBuildFile; fileRef = 84E0846A1A1B99D20071D662 /* AFURLConnectionOperation.m */; };
		84E0847D1A1B99D20071D662 /* AFURLRequestSerialization.m in Sources */ = {isa = PBXBuildFile; fileRef = 84E0846C1A1B99D20071D662 /* AFURLRequestSerialization.m */; };
		84E0847E1A1B99D20071D662 /* AFURLRequestSerialization.m in Sources */ = {isa = PBXBuildFile; fileRef = 84E0846C1A1B99D20071D662 /* AFURLRequestSerialization.m */; };
		84E0847F1A1B99D20071D662 /* AFURLResponseSerialization.m in Sources */ = {isa = PBXBuildFile; fileRef = 84E0846E1A1B99D20071D662 /* AFURLResponseSerialization.m */; };
		84E084801A1B99D20071D662 /* AFURLResponseSerialization.m in Sources */ = {isa = PBXBuildFile; fileRef = 84E0846E1A1B99D20071D662 /* AFURLResponseSerialization.m */; };
		84E084811A1B99D20071D662 /* AFURLSessionManager.m in Sources */ = {isa = PBXBuildFile; fileRef = 84E084701A1B99D20071D662 /* AFURLSessionManager.m */; };
		84E084821A1B99D20071D662 /* AFURLSessionManager.m in Sources */ = {isa = PBXBuildFile; fileRef = 84E084701A1B99D20071D662 /* AFURLSessionManager.m */; };
		84E084951A1B99E40071D662 /* AFNetworkActivityIndicatorManager.m in Sources */ = {isa = PBXBuildFile; fileRef = 84E084851A1B99E40071D662 /* AFNetworkActivityIndicatorManager.m */; };
		84E084961A1B99E40071D662 /* UIActivityIndicatorView+AFNetworking.m in Sources */ = {isa = PBXBuildFile; fileRef = 84E084871A1B99E40071D662 /* UIActivityIndicatorView+AFNetworking.m */; };
		84E084971A1B99E40071D662 /* UIAlertView+AFNetworking.m in Sources */ = {isa = PBXBuildFile; fileRef = 84E084891A1B99E40071D662 /* UIAlertView+AFNetworking.m */; };
		84E084981A1B99E40071D662 /* UIButton+AFNetworking.m in Sources */ = {isa = PBXBuildFile; fileRef = 84E0848B1A1B99E40071D662 /* UIButton+AFNetworking.m */; };
		84E084991A1B99E40071D662 /* UIImageView+AFNetworking.m in Sources */ = {isa = PBXBuildFile; fileRef = 84E0848D1A1B99E40071D662 /* UIImageView+AFNetworking.m */; };
		84E0849A1A1B99E40071D662 /* UIProgressView+AFNetworking.m in Sources */ = {isa = PBXBuildFile; fileRef = 84E084901A1B99E40071D662 /* UIProgressView+AFNetworking.m */; };
		84E0849B1A1B99E40071D662 /* UIRefreshControl+AFNetworking.m in Sources */ = {isa = PBXBuildFile; fileRef = 84E084921A1B99E40071D662 /* UIRefreshControl+AFNetworking.m */; };
		84E0849C1A1B99E40071D662 /* UIWebView+AFNetworking.m in Sources */ = {isa = PBXBuildFile; fileRef = 84E084941A1B99E40071D662 /* UIWebView+AFNetworking.m */; };
		84E084B81A1B9A020071D662 /* CLIColor.m in Sources */ = {isa = PBXBuildFile; fileRef = 84E084A01A1B9A020071D662 /* CLIColor.m */; };
		84E084B91A1B9A020071D662 /* DDAbstractDatabaseLogger.m in Sources */ = {isa = PBXBuildFile; fileRef = 84E084A21A1B9A020071D662 /* DDAbstractDatabaseLogger.m */; };
		84E084BA1A1B9A020071D662 /* DDAbstractDatabaseLogger.m in Sources */ = {isa = PBXBuildFile; fileRef = 84E084A21A1B9A020071D662 /* DDAbstractDatabaseLogger.m */; };
		84E084BB1A1B9A020071D662 /* DDASLLogCapture.m in Sources */ = {isa = PBXBuildFile; fileRef = 84E084A41A1B9A020071D662 /* DDASLLogCapture.m */; };
		84E084BC1A1B9A020071D662 /* DDASLLogCapture.m in Sources */ = {isa = PBXBuildFile; fileRef = 84E084A41A1B9A020071D662 /* DDASLLogCapture.m */; };
		84E084BD1A1B9A020071D662 /* DDASLLogger.m in Sources */ = {isa = PBXBuildFile; fileRef = 84E084A61A1B9A020071D662 /* DDASLLogger.m */; };
		84E084BE1A1B9A020071D662 /* DDASLLogger.m in Sources */ = {isa = PBXBuildFile; fileRef = 84E084A61A1B9A020071D662 /* DDASLLogger.m */; };
		84E084BF1A1B9A020071D662 /* DDFileLogger.m in Sources */ = {isa = PBXBuildFile; fileRef = 84E084A91A1B9A020071D662 /* DDFileLogger.m */; };
		84E084C01A1B9A020071D662 /* DDFileLogger.m in Sources */ = {isa = PBXBuildFile; fileRef = 84E084A91A1B9A020071D662 /* DDFileLogger.m */; };
		84E084C11A1B9A020071D662 /* DDLog.m in Sources */ = {isa = PBXBuildFile; fileRef = 84E084AC1A1B9A020071D662 /* DDLog.m */; };
		84E084C21A1B9A020071D662 /* DDLog.m in Sources */ = {isa = PBXBuildFile; fileRef = 84E084AC1A1B9A020071D662 /* DDLog.m */; };
		84E084C31A1B9A020071D662 /* DDTTYLogger.m in Sources */ = {isa = PBXBuildFile; fileRef = 84E084AE1A1B9A020071D662 /* DDTTYLogger.m */; };
		84E084C41A1B9A020071D662 /* DDTTYLogger.m in Sources */ = {isa = PBXBuildFile; fileRef = 84E084AE1A1B9A020071D662 /* DDTTYLogger.m */; };
		84E084C51A1B9A020071D662 /* DDContextFilterLogFormatter.m in Sources */ = {isa = PBXBuildFile; fileRef = 84E084B11A1B9A020071D662 /* DDContextFilterLogFormatter.m */; };
		84E084C61A1B9A020071D662 /* DDContextFilterLogFormatter.m in Sources */ = {isa = PBXBuildFile; fileRef = 84E084B11A1B9A020071D662 /* DDContextFilterLogFormatter.m */; };
		84E084C71A1B9A020071D662 /* DDDispatchQueueLogFormatter.m in Sources */ = {isa = PBXBuildFile; fileRef = 84E084B31A1B9A020071D662 /* DDDispatchQueueLogFormatter.m */; };
		84E084C81A1B9A020071D662 /* DDDispatchQueueLogFormatter.m in Sources */ = {isa = PBXBuildFile; fileRef = 84E084B31A1B9A020071D662 /* DDDispatchQueueLogFormatter.m */; };
		84E084C91A1B9A020071D662 /* DDMultiFormatter.m in Sources */ = {isa = PBXBuildFile; fileRef = 84E084B51A1B9A020071D662 /* DDMultiFormatter.m */; };
		84E084CA1A1B9A020071D662 /* DDMultiFormatter.m in Sources */ = {isa = PBXBuildFile; fileRef = 84E084B51A1B9A020071D662 /* DDMultiFormatter.m */; };
		84E084CB1A1B9A020071D662 /* README.txt in Resources */ = {isa = PBXBuildFile; fileRef = 84E084B61A1B9A020071D662 /* README.txt */; };
		84E084CC1A1B9A020071D662 /* README.txt in Resources */ = {isa = PBXBuildFile; fileRef = 84E084B61A1B9A020071D662 /* README.txt */; };
		84E084E31A1C7CD70071D662 /* Model.xcdatamodeld in Sources */ = {isa = PBXBuildFile; fileRef = 84E084E11A1C7CD60071D662 /* Model.xcdatamodeld */; };
		84E084E41A1C7CD70071D662 /* Model.xcdatamodeld in Sources */ = {isa = PBXBuildFile; fileRef = 84E084E11A1C7CD60071D662 /* Model.xcdatamodeld */; };
		84E084E71A1C7D040071D662 /* DataService.m in Sources */ = {isa = PBXBuildFile; fileRef = 84E084E61A1C7D040071D662 /* DataService.m */; };
		84E084E81A1C7D040071D662 /* DataService.m in Sources */ = {isa = PBXBuildFile; fileRef = 84E084E61A1C7D040071D662 /* DataService.m */; };
		84E0854A1A1C7F380071D662 /* CLPlacemark+MKAnnotationDelegate.m in Sources */ = {isa = PBXBuildFile; fileRef = 84E084EF1A1C7F380071D662 /* CLPlacemark+MKAnnotationDelegate.m */; };
		84E0854B1A1C7F380071D662 /* CLPlacemark+MKAnnotationDelegate.m in Sources */ = {isa = PBXBuildFile; fileRef = 84E084EF1A1C7F380071D662 /* CLPlacemark+MKAnnotationDelegate.m */; };
		84E0854C1A1C7F380071D662 /* NSDate+ISO8601Date.m in Sources */ = {isa = PBXBuildFile; fileRef = 84E084F31A1C7F380071D662 /* NSDate+ISO8601Date.m */; };
		84E0854D1A1C7F380071D662 /* NSDate+ISO8601Date.m in Sources */ = {isa = PBXBuildFile; fileRef = 84E084F31A1C7F380071D662 /* NSDate+ISO8601Date.m */; };
		84E0854E1A1C7F380071D662 /* NSString+ISO8601Date.m in Sources */ = {isa = PBXBuildFile; fileRef = 84E084F71A1C7F380071D662 /* NSString+ISO8601Date.m */; };
		84E0854F1A1C7F380071D662 /* NSString+ISO8601Date.m in Sources */ = {isa = PBXBuildFile; fileRef = 84E084F71A1C7F380071D662 /* NSString+ISO8601Date.m */; };
		84E085501A1C7F380071D662 /* NSString+URLEncoding.m in Sources */ = {isa = PBXBuildFile; fileRef = 84E084FA1A1C7F380071D662 /* NSString+URLEncoding.m */; };
		84E085511A1C7F380071D662 /* NSString+URLEncoding.m in Sources */ = {isa = PBXBuildFile; fileRef = 84E084FA1A1C7F380071D662 /* NSString+URLEncoding.m */; };
		84E085521A1C7F380071D662 /* NSString+validation.m in Sources */ = {isa = PBXBuildFile; fileRef = 84E084FD1A1C7F380071D662 /* NSString+validation.m */; };
		84E085531A1C7F380071D662 /* NSString+validation.m in Sources */ = {isa = PBXBuildFile; fileRef = 84E084FD1A1C7F380071D662 /* NSString+validation.m */; };
		84E085581A1C7F380071D662 /* ISO8601DateFormatter.m in Sources */ = {isa = PBXBuildFile; fileRef = 84E0850A1A1C7F380071D662 /* ISO8601DateFormatter.m */; settings = {COMPILER_FLAGS = "-w"; }; };
		84E085591A1C7F380071D662 /* ISO8601DateFormatter.m in Sources */ = {isa = PBXBuildFile; fileRef = 84E0850A1A1C7F380071D662 /* ISO8601DateFormatter.m */; settings = {COMPILER_FLAGS = "-w"; }; };
		84E0855A1A1C7F380071D662 /* LumberjackFormatter.m in Sources */ = {isa = PBXBuildFile; fileRef = 84E0850D1A1C7F380071D662 /* LumberjackFormatter.m */; };
		84E0855B1A1C7F380071D662 /* LumberjackFormatter.m in Sources */ = {isa = PBXBuildFile; fileRef = 84E0850D1A1C7F380071D662 /* LumberjackFormatter.m */; };
		84E085891A1C7F380071D662 /* NSImageToDataTransformer.m in Sources */ = {isa = PBXBuildFile; fileRef = 84E085451A1C7F380071D662 /* NSImageToDataTransformer.m */; };
		84E0858A1A1C7F380071D662 /* UIImageToDataTransformer.m in Sources */ = {isa = PBXBuildFile; fileRef = 84E085481A1C7F380071D662 /* UIImageToDataTransformer.m */; };
/* End PBXBuildFile section */

/* Begin PBXContainerItemProxy section */
		84E084281A1B987C0071D662 /* PBXContainerItemProxy */ = {
			isa = PBXContainerItemProxy;
			containerPortal = 84E083D41A1B98380071D662 /* Project object */;
			proxyType = 1;
			remoteGlobalIDString = 84E0840B1A1B987C0071D662;
			remoteInfo = "WeatherFrog for iOS";
		};
		84E0844F1A1B988E0071D662 /* PBXContainerItemProxy */ = {
			isa = PBXContainerItemProxy;
			containerPortal = 84E083D41A1B98380071D662 /* Project object */;
			proxyType = 1;
			remoteGlobalIDString = 84E084381A1B988D0071D662;
			remoteInfo = "WeatherFrog for OSX";
		};
		84E084D31A1B9A6A0071D662 /* PBXContainerItemProxy */ = {
			isa = PBXContainerItemProxy;
			containerPortal = 84E084CD1A1B9A690071D662 /* CorePlot.xcodeproj */;
			proxyType = 2;
			remoteGlobalIDString = 8DC2EF5B0486A6940098B216;
			remoteInfo = CorePlot;
		};
		84E084D51A1B9A6A0071D662 /* PBXContainerItemProxy */ = {
			isa = PBXContainerItemProxy;
			containerPortal = 84E084CD1A1B9A690071D662 /* CorePlot.xcodeproj */;
			proxyType = 2;
			remoteGlobalIDString = 0730F600109492D800E95162;
			remoteInfo = UnitTests;
		};
		84E084DD1A1B9A7D0071D662 /* PBXContainerItemProxy */ = {
			isa = PBXContainerItemProxy;
			containerPortal = 84E084D71A1B9A7D0071D662 /* CorePlot-CocoaTouch.xcodeproj */;
			proxyType = 2;
			remoteGlobalIDString = BC9B83470FB8A0A40035D8DA;
			remoteInfo = "CorePlot-CocoaTouch";
		};
/* End PBXContainerItemProxy section */

/* Begin PBXCopyFilesBuildPhase section */
		848BF9F41A1D2E2F00A4F000 /* Embed App Extensions */ = {
			isa = PBXCopyFilesBuildPhase;
			buildActionMask = 2147483647;
			dstPath = "";
			dstSubfolderSpec = 13;
			files = (
			);
			name = "Embed App Extensions";
			runOnlyForDeploymentPostprocessing = 0;
		};
/* End PBXCopyFilesBuildPhase section */

/* Begin PBXFileReference section */
		84297A9C1A21407D0070E151 /* MapKit.framework */ = {isa = PBXFileReference; lastKnownFileType = wrapper.framework; name = MapKit.framework; path = Platforms/MacOSX.platform/Developer/SDKs/MacOSX10.10.sdk/System/Library/Frameworks/MapKit.framework; sourceTree = DEVELOPER_DIR; };
		84297AA41A2142A20070E151 /* OSXWindowController.h */ = {isa = PBXFileReference; fileEncoding = 4; lastKnownFileType = sourcecode.c.h; path = OSXWindowController.h; sourceTree = "<group>"; };
		84297AA51A2142A20070E151 /* OSXWindowController.m */ = {isa = PBXFileReference; fileEncoding = 4; lastKnownFileType = sourcecode.c.objc; path = OSXWindowController.m; sourceTree = "<group>"; };
		84297AA71A2143F30070E151 /* OSXSplitViewController.h */ = {isa = PBXFileReference; fileEncoding = 4; lastKnownFileType = sourcecode.c.h; name = OSXSplitViewController.h; path = "Split Scene/OSXSplitViewController.h"; sourceTree = "<group>"; };
		84297AA81A2143F30070E151 /* OSXSplitViewController.m */ = {isa = PBXFileReference; fileEncoding = 4; lastKnownFileType = sourcecode.c.objc; name = OSXSplitViewController.m; path = "Split Scene/OSXSplitViewController.m"; sourceTree = "<group>"; };
		84297AAD1A21DFEA0070E151 /* OSXListTableView.h */ = {isa = PBXFileReference; fileEncoding = 4; lastKnownFileType = sourcecode.c.h; name = OSXListTableView.h; path = "LIst Scene/OSXListTableView.h"; sourceTree = "<group>"; };
		84297AAE1A21DFEA0070E151 /* OSXListTableView.m */ = {isa = PBXFileReference; fileEncoding = 4; lastKnownFileType = sourcecode.c.objc; name = OSXListTableView.m; path = "LIst Scene/OSXListTableView.m"; sourceTree = "<group>"; };
		84297AB51A21EAA10070E151 /* OSXMapViewController.h */ = {isa = PBXFileReference; fileEncoding = 4; lastKnownFileType = sourcecode.c.h; name = OSXMapViewController.h; path = "Map Scene/OSXMapViewController.h"; sourceTree = "<group>"; };
		84297AB61A21EAA10070E151 /* OSXMapViewController.m */ = {isa = PBXFileReference; fileEncoding = 4; lastKnownFileType = sourcecode.c.objc; name = OSXMapViewController.m; path = "Map Scene/OSXMapViewController.m"; sourceTree = "<group>"; };
		84297ABA1A21EDB70070E151 /* OSXSplitView.h */ = {isa = PBXFileReference; fileEncoding = 4; lastKnownFileType = sourcecode.c.h; name = OSXSplitView.h; path = "Split Scene/OSXSplitView.h"; sourceTree = "<group>"; };
		84297ABB1A21EDB70070E151 /* OSXSplitView.m */ = {isa = PBXFileReference; fileEncoding = 4; lastKnownFileType = sourcecode.c.objc; name = OSXSplitView.m; path = "Split Scene/OSXSplitView.m"; sourceTree = "<group>"; };
		845558651A291036003127B3 /* IOSSplitViewController.h */ = {isa = PBXFileReference; fileEncoding = 4; lastKnownFileType = sourcecode.c.h; name = IOSSplitViewController.h; path = "Split Scene/IOSSplitViewController.h"; sourceTree = "<group>"; };
		845558661A291036003127B3 /* IOSSplitViewController.m */ = {isa = PBXFileReference; fileEncoding = 4; lastKnownFileType = sourcecode.c.objc; name = IOSSplitViewController.m; path = "Split Scene/IOSSplitViewController.m"; sourceTree = "<group>"; };
		845558691A2912A3003127B3 /* IOSMapViewController.h */ = {isa = PBXFileReference; fileEncoding = 4; lastKnownFileType = sourcecode.c.h; name = IOSMapViewController.h; path = "Map Scene/IOSMapViewController.h"; sourceTree = "<group>"; };
		8455586A1A2912A3003127B3 /* IOSMapViewController.m */ = {isa = PBXFileReference; fileEncoding = 4; lastKnownFileType = sourcecode.c.objc; name = IOSMapViewController.m; path = "Map Scene/IOSMapViewController.m"; sourceTree = "<group>"; };
		8455586D1A291808003127B3 /* MapKit.framework */ = {isa = PBXFileReference; lastKnownFileType = wrapper.framework; name = MapKit.framework; path = System/Library/Frameworks/MapKit.framework; sourceTree = SDKROOT; };
		8455586F1A291C17003127B3 /* IOSDetailViewController.h */ = {isa = PBXFileReference; fileEncoding = 4; lastKnownFileType = sourcecode.c.h; name = IOSDetailViewController.h; path = "WeatherFrog for iOS/Detail Scene/IOSDetailViewController.h"; sourceTree = "<group>"; };
		845558701A291C17003127B3 /* IOSDetailViewController.m */ = {isa = PBXFileReference; fileEncoding = 4; lastKnownFileType = sourcecode.c.objc; name = IOSDetailViewController.m; path = "WeatherFrog for iOS/Detail Scene/IOSDetailViewController.m"; sourceTree = "<group>"; };
		8475976B1A28A2490013824D /* OSXCollectionView.h */ = {isa = PBXFileReference; fileEncoding = 4; lastKnownFileType = sourcecode.c.h; name = OSXCollectionView.h; path = "Detail Scene/Collection Scene/OSXCollectionView.h"; sourceTree = "<group>"; };
		8475976C1A28A2490013824D /* OSXCollectionView.m */ = {isa = PBXFileReference; fileEncoding = 4; lastKnownFileType = sourcecode.c.objc; name = OSXCollectionView.m; path = "Detail Scene/Collection Scene/OSXCollectionView.m"; sourceTree = "<group>"; };
		847597771A28A3820013824D /* OSXGraphView.h */ = {isa = PBXFileReference; fileEncoding = 4; lastKnownFileType = sourcecode.c.h; name = OSXGraphView.h; path = "Detail Scene/Graph Scene/OSXGraphView.h"; sourceTree = "<group>"; };
		847597781A28A3820013824D /* OSXGraphView.m */ = {isa = PBXFileReference; fileEncoding = 4; lastKnownFileType = sourcecode.c.objc; name = OSXGraphView.m; path = "Detail Scene/Graph Scene/OSXGraphView.m"; sourceTree = "<group>"; };
		8486FDFC1A29BDB4003AB3EE /* IOSListTableViewCell.h */ = {isa = PBXFileReference; fileEncoding = 4; lastKnownFileType = sourcecode.c.h; name = IOSListTableViewCell.h; path = "List Scene/IOSListTableViewCell.h"; sourceTree = "<group>"; };
		8486FDFD1A29BDB4003AB3EE /* IOSListTableViewCell.m */ = {isa = PBXFileReference; fileEncoding = 4; lastKnownFileType = sourcecode.c.objc; name = IOSListTableViewCell.m; path = "List Scene/IOSListTableViewCell.m"; sourceTree = "<group>"; };
		8486FE051A29CA7B003AB3EE /* Location.h */ = {isa = PBXFileReference; fileEncoding = 4; lastKnownFileType = sourcecode.c.h; name = Location.h; path = "Shared Resources/Models/Location.h"; sourceTree = "<group>"; };
		8486FE061A29CA7B003AB3EE /* Location.m */ = {isa = PBXFileReference; fileEncoding = 4; lastKnownFileType = sourcecode.c.objc; name = Location.m; path = "Shared Resources/Models/Location.m"; sourceTree = "<group>"; };
		848BF9CA1A1D2E2F00A4F000 /* WatchKit.framework */ = {isa = PBXFileReference; lastKnownFileType = wrapper.framework; name = WatchKit.framework; path = System/Library/Frameworks/WatchKit.framework; sourceTree = SDKROOT; };
		848BF9CE1A1D2E2F00A4F000 /* Info.plist */ = {isa = PBXFileReference; lastKnownFileType = text.plist.xml; path = Info.plist; sourceTree = "<group>"; };
		848BF9CF1A1D2E2F00A4F000 /* PushNotificationPayload.json */ = {isa = PBXFileReference; lastKnownFileType = text.json; path = PushNotificationPayload.json; sourceTree = "<group>"; };
		848BF9D01A1D2E2F00A4F000 /* InterfaceController.h */ = {isa = PBXFileReference; lastKnownFileType = sourcecode.c.h; path = InterfaceController.h; sourceTree = "<group>"; };
		848BF9D11A1D2E2F00A4F000 /* InterfaceController.m */ = {isa = PBXFileReference; lastKnownFileType = sourcecode.c.objc; path = InterfaceController.m; sourceTree = "<group>"; };
		848BF9D31A1D2E2F00A4F000 /* NotificationController.h */ = {isa = PBXFileReference; lastKnownFileType = sourcecode.c.h; path = NotificationController.h; sourceTree = "<group>"; };
		848BF9D41A1D2E2F00A4F000 /* NotificationController.m */ = {isa = PBXFileReference; lastKnownFileType = sourcecode.c.objc; path = NotificationController.m; sourceTree = "<group>"; };
		848BF9D61A1D2E2F00A4F000 /* Images.xcassets */ = {isa = PBXFileReference; lastKnownFileType = folder.assetcatalog; path = Images.xcassets; sourceTree = "<group>"; };
		848BF9E01A1D2E2F00A4F000 /* Info.plist */ = {isa = PBXFileReference; lastKnownFileType = text.plist.xml; path = Info.plist; sourceTree = "<group>"; };
		848BF9E11A1D2E2F00A4F000 /* Interface.storyboard */ = {isa = PBXFileReference; lastKnownFileType = file.storyboard; path = Interface.storyboard; sourceTree = "<group>"; };
		848BF9E31A1D2E2F00A4F000 /* Images.xcassets */ = {isa = PBXFileReference; lastKnownFileType = folder.assetcatalog; path = Images.xcassets; sourceTree = "<group>"; };
		84B808C01A29F8BC0074DF01 /* LocationManager.h */ = {isa = PBXFileReference; fileEncoding = 4; lastKnownFileType = sourcecode.c.h; name = LocationManager.h; path = "Shared Resources/LocationManager.h"; sourceTree = "<group>"; };
		84B808C11A29F8BC0074DF01 /* LocationManager.m */ = {isa = PBXFileReference; fileEncoding = 4; lastKnownFileType = sourcecode.c.objc; name = LocationManager.m; path = "Shared Resources/LocationManager.m"; sourceTree = "<group>"; };
		84C77E161A1C808300348A8A /* Lumberjack.h */ = {isa = PBXFileReference; lastKnownFileType = sourcecode.c.h; name = Lumberjack.h; path = "Shared Resources/Lumberjack.h"; sourceTree = "<group>"; };
		84C77E181A1C84DC00348A8A /* WeatherFrog for OSX.entitlements */ = {isa = PBXFileReference; lastKnownFileType = text.xml; path = "WeatherFrog for OSX.entitlements"; sourceTree = "<group>"; };
		84CB76211A288D47008D6775 /* OSXDetailViewController.h */ = {isa = PBXFileReference; fileEncoding = 4; lastKnownFileType = sourcecode.c.h; name = OSXDetailViewController.h; path = "Detail Scene/OSXDetailViewController.h"; sourceTree = "<group>"; };
		84CB76221A288D47008D6775 /* OSXDetailViewController.m */ = {isa = PBXFileReference; fileEncoding = 4; lastKnownFileType = sourcecode.c.objc; name = OSXDetailViewController.m; path = "Detail Scene/OSXDetailViewController.m"; sourceTree = "<group>"; };
		84CB762C1A288D83008D6775 /* OSXTabView.h */ = {isa = PBXFileReference; fileEncoding = 4; lastKnownFileType = sourcecode.c.h; name = OSXTabView.h; path = "Detail Scene/OSXTabView.h"; sourceTree = "<group>"; };
		84CB762D1A288D83008D6775 /* OSXTabView.m */ = {isa = PBXFileReference; fileEncoding = 4; lastKnownFileType = sourcecode.c.objc; name = OSXTabView.m; path = "Detail Scene/OSXTabView.m"; sourceTree = "<group>"; };
		84CB762F1A288E19008D6775 /* OSXCollectionViewController.h */ = {isa = PBXFileReference; fileEncoding = 4; lastKnownFileType = sourcecode.c.h; name = OSXCollectionViewController.h; path = "Detail Scene/Collection Scene/OSXCollectionViewController.h"; sourceTree = "<group>"; };
		84CB76301A288E19008D6775 /* OSXCollectionViewController.m */ = {isa = PBXFileReference; fileEncoding = 4; lastKnownFileType = sourcecode.c.objc; name = OSXCollectionViewController.m; path = "Detail Scene/Collection Scene/OSXCollectionViewController.m"; sourceTree = "<group>"; };
		84CB76331A288E74008D6775 /* OSXGraphViewController.h */ = {isa = PBXFileReference; fileEncoding = 4; lastKnownFileType = sourcecode.c.h; name = OSXGraphViewController.h; path = "Detail Scene/Graph Scene/OSXGraphViewController.h"; sourceTree = "<group>"; };
		84CB76341A288E74008D6775 /* OSXGraphViewController.m */ = {isa = PBXFileReference; fileEncoding = 4; lastKnownFileType = sourcecode.c.objc; name = OSXGraphViewController.m; path = "Detail Scene/Graph Scene/OSXGraphViewController.m"; sourceTree = "<group>"; };
		84E0840C1A1B987C0071D662 /* WeatherFrog for iOS.app */ = {isa = PBXFileReference; explicitFileType = wrapper.application; includeInIndex = 0; path = "WeatherFrog for iOS.app"; sourceTree = BUILT_PRODUCTS_DIR; };
		84E0840F1A1B987C0071D662 /* Info.plist */ = {isa = PBXFileReference; lastKnownFileType = text.plist.xml; path = Info.plist; sourceTree = "<group>"; };
		84E084101A1B987C0071D662 /* main.m */ = {isa = PBXFileReference; lastKnownFileType = sourcecode.c.objc; path = main.m; sourceTree = "<group>"; };
		84E084121A1B987C0071D662 /* IOSAppDelegate.h */ = {isa = PBXFileReference; lastKnownFileType = sourcecode.c.h; path = IOSAppDelegate.h; sourceTree = "<group>"; };
		84E084131A1B987C0071D662 /* IOSAppDelegate.m */ = {isa = PBXFileReference; lastKnownFileType = sourcecode.c.objc; path = IOSAppDelegate.m; sourceTree = "<group>"; };
		84E084181A1B987C0071D662 /* IOSListViewController.h */ = {isa = PBXFileReference; lastKnownFileType = sourcecode.c.h; name = IOSListViewController.h; path = "List Scene/IOSListViewController.h"; sourceTree = "<group>"; };
		84E084191A1B987C0071D662 /* IOSListViewController.m */ = {isa = PBXFileReference; lastKnownFileType = sourcecode.c.objc; name = IOSListViewController.m; path = "List Scene/IOSListViewController.m"; sourceTree = "<group>"; };
		84E0841C1A1B987C0071D662 /* Base */ = {isa = PBXFileReference; lastKnownFileType = file.storyboard; name = Base; path = Base.lproj/Main.storyboard; sourceTree = "<group>"; };
		84E0841E1A1B987C0071D662 /* Images.xcassets */ = {isa = PBXFileReference; lastKnownFileType = folder.assetcatalog; path = Images.xcassets; sourceTree = "<group>"; };
		84E084211A1B987C0071D662 /* Base */ = {isa = PBXFileReference; lastKnownFileType = file.xib; name = Base; path = Base.lproj/LaunchScreen.xib; sourceTree = "<group>"; };
		84E084271A1B987C0071D662 /* WeatherFrog for iOSTests.xctest */ = {isa = PBXFileReference; explicitFileType = wrapper.cfbundle; includeInIndex = 0; path = "WeatherFrog for iOSTests.xctest"; sourceTree = BUILT_PRODUCTS_DIR; };
		84E0842C1A1B987C0071D662 /* Info.plist */ = {isa = PBXFileReference; lastKnownFileType = text.plist.xml; path = Info.plist; sourceTree = "<group>"; };
		84E0842D1A1B987C0071D662 /* WeatherFrog_for_iOSTests.m */ = {isa = PBXFileReference; lastKnownFileType = sourcecode.c.objc; path = WeatherFrog_for_iOSTests.m; sourceTree = "<group>"; };
		84E084391A1B988D0071D662 /* WeatherFrog for OSX.app */ = {isa = PBXFileReference; explicitFileType = wrapper.application; includeInIndex = 0; path = "WeatherFrog for OSX.app"; sourceTree = BUILT_PRODUCTS_DIR; };
		84E0843C1A1B988D0071D662 /* Info.plist */ = {isa = PBXFileReference; lastKnownFileType = text.plist.xml; path = Info.plist; sourceTree = "<group>"; };
		84E0843D1A1B988D0071D662 /* OSXAppDelegate.h */ = {isa = PBXFileReference; lastKnownFileType = sourcecode.c.h; path = OSXAppDelegate.h; sourceTree = "<group>"; };
		84E0843E1A1B988D0071D662 /* OSXAppDelegate.m */ = {isa = PBXFileReference; lastKnownFileType = sourcecode.c.objc; path = OSXAppDelegate.m; sourceTree = "<group>"; };
		84E084401A1B988D0071D662 /* main.m */ = {isa = PBXFileReference; lastKnownFileType = sourcecode.c.objc; path = main.m; sourceTree = "<group>"; };
		84E084421A1B988D0071D662 /* OSXListViewController.h */ = {isa = PBXFileReference; lastKnownFileType = sourcecode.c.h; name = OSXListViewController.h; path = "LIst Scene/OSXListViewController.h"; sourceTree = "<group>"; };
		84E084431A1B988D0071D662 /* OSXListViewController.m */ = {isa = PBXFileReference; lastKnownFileType = sourcecode.c.objc; name = OSXListViewController.m; path = "LIst Scene/OSXListViewController.m"; sourceTree = "<group>"; };
		84E084451A1B988D0071D662 /* Images.xcassets */ = {isa = PBXFileReference; lastKnownFileType = folder.assetcatalog; path = Images.xcassets; sourceTree = "<group>"; };
		84E084481A1B988E0071D662 /* Base */ = {isa = PBXFileReference; lastKnownFileType = file.storyboard; name = Base; path = Base.lproj/Main.storyboard; sourceTree = "<group>"; };
		84E0844E1A1B988E0071D662 /* WeatherFrog for OSXTests.xctest */ = {isa = PBXFileReference; explicitFileType = wrapper.cfbundle; includeInIndex = 0; path = "WeatherFrog for OSXTests.xctest"; sourceTree = BUILT_PRODUCTS_DIR; };
		84E084531A1B988E0071D662 /* Info.plist */ = {isa = PBXFileReference; lastKnownFileType = text.plist.xml; path = Info.plist; sourceTree = "<group>"; };
		84E084541A1B988E0071D662 /* WeatherFrog_for_OSXTests.m */ = {isa = PBXFileReference; lastKnownFileType = sourcecode.c.objc; path = WeatherFrog_for_OSXTests.m; sourceTree = "<group>"; };
		84E0845E1A1B99D20071D662 /* AFHTTPRequestOperation.h */ = {isa = PBXFileReference; fileEncoding = 4; lastKnownFileType = sourcecode.c.h; path = AFHTTPRequestOperation.h; sourceTree = "<group>"; };
		84E0845F1A1B99D20071D662 /* AFHTTPRequestOperation.m */ = {isa = PBXFileReference; fileEncoding = 4; lastKnownFileType = sourcecode.c.objc; path = AFHTTPRequestOperation.m; sourceTree = "<group>"; };
		84E084601A1B99D20071D662 /* AFHTTPRequestOperationManager.h */ = {isa = PBXFileReference; fileEncoding = 4; lastKnownFileType = sourcecode.c.h; path = AFHTTPRequestOperationManager.h; sourceTree = "<group>"; };
		84E084611A1B99D20071D662 /* AFHTTPRequestOperationManager.m */ = {isa = PBXFileReference; fileEncoding = 4; lastKnownFileType = sourcecode.c.objc; path = AFHTTPRequestOperationManager.m; sourceTree = "<group>"; };
		84E084621A1B99D20071D662 /* AFHTTPSessionManager.h */ = {isa = PBXFileReference; fileEncoding = 4; lastKnownFileType = sourcecode.c.h; path = AFHTTPSessionManager.h; sourceTree = "<group>"; };
		84E084631A1B99D20071D662 /* AFHTTPSessionManager.m */ = {isa = PBXFileReference; fileEncoding = 4; lastKnownFileType = sourcecode.c.objc; path = AFHTTPSessionManager.m; sourceTree = "<group>"; };
		84E084641A1B99D20071D662 /* AFNetworking.h */ = {isa = PBXFileReference; fileEncoding = 4; lastKnownFileType = sourcecode.c.h; path = AFNetworking.h; sourceTree = "<group>"; };
		84E084651A1B99D20071D662 /* AFNetworkReachabilityManager.h */ = {isa = PBXFileReference; fileEncoding = 4; lastKnownFileType = sourcecode.c.h; path = AFNetworkReachabilityManager.h; sourceTree = "<group>"; };
		84E084661A1B99D20071D662 /* AFNetworkReachabilityManager.m */ = {isa = PBXFileReference; fileEncoding = 4; lastKnownFileType = sourcecode.c.objc; path = AFNetworkReachabilityManager.m; sourceTree = "<group>"; };
		84E084671A1B99D20071D662 /* AFSecurityPolicy.h */ = {isa = PBXFileReference; fileEncoding = 4; lastKnownFileType = sourcecode.c.h; path = AFSecurityPolicy.h; sourceTree = "<group>"; };
		84E084681A1B99D20071D662 /* AFSecurityPolicy.m */ = {isa = PBXFileReference; fileEncoding = 4; lastKnownFileType = sourcecode.c.objc; path = AFSecurityPolicy.m; sourceTree = "<group>"; };
		84E084691A1B99D20071D662 /* AFURLConnectionOperation.h */ = {isa = PBXFileReference; fileEncoding = 4; lastKnownFileType = sourcecode.c.h; path = AFURLConnectionOperation.h; sourceTree = "<group>"; };
		84E0846A1A1B99D20071D662 /* AFURLConnectionOperation.m */ = {isa = PBXFileReference; fileEncoding = 4; lastKnownFileType = sourcecode.c.objc; path = AFURLConnectionOperation.m; sourceTree = "<group>"; };
		84E0846B1A1B99D20071D662 /* AFURLRequestSerialization.h */ = {isa = PBXFileReference; fileEncoding = 4; lastKnownFileType = sourcecode.c.h; path = AFURLRequestSerialization.h; sourceTree = "<group>"; };
		84E0846C1A1B99D20071D662 /* AFURLRequestSerialization.m */ = {isa = PBXFileReference; fileEncoding = 4; lastKnownFileType = sourcecode.c.objc; path = AFURLRequestSerialization.m; sourceTree = "<group>"; };
		84E0846D1A1B99D20071D662 /* AFURLResponseSerialization.h */ = {isa = PBXFileReference; fileEncoding = 4; lastKnownFileType = sourcecode.c.h; path = AFURLResponseSerialization.h; sourceTree = "<group>"; };
		84E0846E1A1B99D20071D662 /* AFURLResponseSerialization.m */ = {isa = PBXFileReference; fileEncoding = 4; lastKnownFileType = sourcecode.c.objc; path = AFURLResponseSerialization.m; sourceTree = "<group>"; };
		84E0846F1A1B99D20071D662 /* AFURLSessionManager.h */ = {isa = PBXFileReference; fileEncoding = 4; lastKnownFileType = sourcecode.c.h; path = AFURLSessionManager.h; sourceTree = "<group>"; };
		84E084701A1B99D20071D662 /* AFURLSessionManager.m */ = {isa = PBXFileReference; fileEncoding = 4; lastKnownFileType = sourcecode.c.objc; path = AFURLSessionManager.m; sourceTree = "<group>"; };
		84E084841A1B99E40071D662 /* AFNetworkActivityIndicatorManager.h */ = {isa = PBXFileReference; fileEncoding = 4; lastKnownFileType = sourcecode.c.h; path = AFNetworkActivityIndicatorManager.h; sourceTree = "<group>"; };
		84E084851A1B99E40071D662 /* AFNetworkActivityIndicatorManager.m */ = {isa = PBXFileReference; fileEncoding = 4; lastKnownFileType = sourcecode.c.objc; path = AFNetworkActivityIndicatorManager.m; sourceTree = "<group>"; };
		84E084861A1B99E40071D662 /* UIActivityIndicatorView+AFNetworking.h */ = {isa = PBXFileReference; fileEncoding = 4; lastKnownFileType = sourcecode.c.h; path = "UIActivityIndicatorView+AFNetworking.h"; sourceTree = "<group>"; };
		84E084871A1B99E40071D662 /* UIActivityIndicatorView+AFNetworking.m */ = {isa = PBXFileReference; fileEncoding = 4; lastKnownFileType = sourcecode.c.objc; path = "UIActivityIndicatorView+AFNetworking.m"; sourceTree = "<group>"; };
		84E084881A1B99E40071D662 /* UIAlertView+AFNetworking.h */ = {isa = PBXFileReference; fileEncoding = 4; lastKnownFileType = sourcecode.c.h; path = "UIAlertView+AFNetworking.h"; sourceTree = "<group>"; };
		84E084891A1B99E40071D662 /* UIAlertView+AFNetworking.m */ = {isa = PBXFileReference; fileEncoding = 4; lastKnownFileType = sourcecode.c.objc; path = "UIAlertView+AFNetworking.m"; sourceTree = "<group>"; };
		84E0848A1A1B99E40071D662 /* UIButton+AFNetworking.h */ = {isa = PBXFileReference; fileEncoding = 4; lastKnownFileType = sourcecode.c.h; path = "UIButton+AFNetworking.h"; sourceTree = "<group>"; };
		84E0848B1A1B99E40071D662 /* UIButton+AFNetworking.m */ = {isa = PBXFileReference; fileEncoding = 4; lastKnownFileType = sourcecode.c.objc; path = "UIButton+AFNetworking.m"; sourceTree = "<group>"; };
		84E0848C1A1B99E40071D662 /* UIImageView+AFNetworking.h */ = {isa = PBXFileReference; fileEncoding = 4; lastKnownFileType = sourcecode.c.h; path = "UIImageView+AFNetworking.h"; sourceTree = "<group>"; };
		84E0848D1A1B99E40071D662 /* UIImageView+AFNetworking.m */ = {isa = PBXFileReference; fileEncoding = 4; lastKnownFileType = sourcecode.c.objc; path = "UIImageView+AFNetworking.m"; sourceTree = "<group>"; };
		84E0848E1A1B99E40071D662 /* UIKit+AFNetworking.h */ = {isa = PBXFileReference; fileEncoding = 4; lastKnownFileType = sourcecode.c.h; path = "UIKit+AFNetworking.h"; sourceTree = "<group>"; };
		84E0848F1A1B99E40071D662 /* UIProgressView+AFNetworking.h */ = {isa = PBXFileReference; fileEncoding = 4; lastKnownFileType = sourcecode.c.h; path = "UIProgressView+AFNetworking.h"; sourceTree = "<group>"; };
		84E084901A1B99E40071D662 /* UIProgressView+AFNetworking.m */ = {isa = PBXFileReference; fileEncoding = 4; lastKnownFileType = sourcecode.c.objc; path = "UIProgressView+AFNetworking.m"; sourceTree = "<group>"; };
		84E084911A1B99E40071D662 /* UIRefreshControl+AFNetworking.h */ = {isa = PBXFileReference; fileEncoding = 4; lastKnownFileType = sourcecode.c.h; path = "UIRefreshControl+AFNetworking.h"; sourceTree = "<group>"; };
		84E084921A1B99E40071D662 /* UIRefreshControl+AFNetworking.m */ = {isa = PBXFileReference; fileEncoding = 4; lastKnownFileType = sourcecode.c.objc; path = "UIRefreshControl+AFNetworking.m"; sourceTree = "<group>"; };
		84E084931A1B99E40071D662 /* UIWebView+AFNetworking.h */ = {isa = PBXFileReference; fileEncoding = 4; lastKnownFileType = sourcecode.c.h; path = "UIWebView+AFNetworking.h"; sourceTree = "<group>"; };
		84E084941A1B99E40071D662 /* UIWebView+AFNetworking.m */ = {isa = PBXFileReference; fileEncoding = 4; lastKnownFileType = sourcecode.c.objc; path = "UIWebView+AFNetworking.m"; sourceTree = "<group>"; };
		84E0849F1A1B9A020071D662 /* CLIColor.h */ = {isa = PBXFileReference; fileEncoding = 4; lastKnownFileType = sourcecode.c.h; path = CLIColor.h; sourceTree = "<group>"; };
		84E084A01A1B9A020071D662 /* CLIColor.m */ = {isa = PBXFileReference; fileEncoding = 4; lastKnownFileType = sourcecode.c.objc; path = CLIColor.m; sourceTree = "<group>"; };
		84E084A11A1B9A020071D662 /* DDAbstractDatabaseLogger.h */ = {isa = PBXFileReference; fileEncoding = 4; lastKnownFileType = sourcecode.c.h; path = DDAbstractDatabaseLogger.h; sourceTree = "<group>"; };
		84E084A21A1B9A020071D662 /* DDAbstractDatabaseLogger.m */ = {isa = PBXFileReference; fileEncoding = 4; lastKnownFileType = sourcecode.c.objc; path = DDAbstractDatabaseLogger.m; sourceTree = "<group>"; };
		84E084A31A1B9A020071D662 /* DDASLLogCapture.h */ = {isa = PBXFileReference; fileEncoding = 4; lastKnownFileType = sourcecode.c.h; path = DDASLLogCapture.h; sourceTree = "<group>"; };
		84E084A41A1B9A020071D662 /* DDASLLogCapture.m */ = {isa = PBXFileReference; fileEncoding = 4; lastKnownFileType = sourcecode.c.objc; path = DDASLLogCapture.m; sourceTree = "<group>"; };
		84E084A51A1B9A020071D662 /* DDASLLogger.h */ = {isa = PBXFileReference; fileEncoding = 4; lastKnownFileType = sourcecode.c.h; path = DDASLLogger.h; sourceTree = "<group>"; };
		84E084A61A1B9A020071D662 /* DDASLLogger.m */ = {isa = PBXFileReference; fileEncoding = 4; lastKnownFileType = sourcecode.c.objc; path = DDASLLogger.m; sourceTree = "<group>"; };
		84E084A71A1B9A020071D662 /* DDAssert.h */ = {isa = PBXFileReference; fileEncoding = 4; lastKnownFileType = sourcecode.c.h; path = DDAssert.h; sourceTree = "<group>"; };
		84E084A81A1B9A020071D662 /* DDFileLogger.h */ = {isa = PBXFileReference; fileEncoding = 4; lastKnownFileType = sourcecode.c.h; path = DDFileLogger.h; sourceTree = "<group>"; };
		84E084A91A1B9A020071D662 /* DDFileLogger.m */ = {isa = PBXFileReference; fileEncoding = 4; lastKnownFileType = sourcecode.c.objc; path = DDFileLogger.m; sourceTree = "<group>"; };
		84E084AA1A1B9A020071D662 /* DDLog+LOGV.h */ = {isa = PBXFileReference; fileEncoding = 4; lastKnownFileType = sourcecode.c.h; path = "DDLog+LOGV.h"; sourceTree = "<group>"; };
		84E084AB1A1B9A020071D662 /* DDLog.h */ = {isa = PBXFileReference; fileEncoding = 4; lastKnownFileType = sourcecode.c.h; path = DDLog.h; sourceTree = "<group>"; };
		84E084AC1A1B9A020071D662 /* DDLog.m */ = {isa = PBXFileReference; fileEncoding = 4; lastKnownFileType = sourcecode.c.objc; path = DDLog.m; sourceTree = "<group>"; };
		84E084AD1A1B9A020071D662 /* DDTTYLogger.h */ = {isa = PBXFileReference; fileEncoding = 4; lastKnownFileType = sourcecode.c.h; path = DDTTYLogger.h; sourceTree = "<group>"; };
		84E084AE1A1B9A020071D662 /* DDTTYLogger.m */ = {isa = PBXFileReference; fileEncoding = 4; lastKnownFileType = sourcecode.c.objc; path = DDTTYLogger.m; sourceTree = "<group>"; };
		84E084B01A1B9A020071D662 /* DDContextFilterLogFormatter.h */ = {isa = PBXFileReference; fileEncoding = 4; lastKnownFileType = sourcecode.c.h; path = DDContextFilterLogFormatter.h; sourceTree = "<group>"; };
		84E084B11A1B9A020071D662 /* DDContextFilterLogFormatter.m */ = {isa = PBXFileReference; fileEncoding = 4; lastKnownFileType = sourcecode.c.objc; path = DDContextFilterLogFormatter.m; sourceTree = "<group>"; };
		84E084B21A1B9A020071D662 /* DDDispatchQueueLogFormatter.h */ = {isa = PBXFileReference; fileEncoding = 4; lastKnownFileType = sourcecode.c.h; path = DDDispatchQueueLogFormatter.h; sourceTree = "<group>"; };
		84E084B31A1B9A020071D662 /* DDDispatchQueueLogFormatter.m */ = {isa = PBXFileReference; fileEncoding = 4; lastKnownFileType = sourcecode.c.objc; path = DDDispatchQueueLogFormatter.m; sourceTree = "<group>"; };
		84E084B41A1B9A020071D662 /* DDMultiFormatter.h */ = {isa = PBXFileReference; fileEncoding = 4; lastKnownFileType = sourcecode.c.h; path = DDMultiFormatter.h; sourceTree = "<group>"; };
		84E084B51A1B9A020071D662 /* DDMultiFormatter.m */ = {isa = PBXFileReference; fileEncoding = 4; lastKnownFileType = sourcecode.c.objc; path = DDMultiFormatter.m; sourceTree = "<group>"; };
		84E084B61A1B9A020071D662 /* README.txt */ = {isa = PBXFileReference; fileEncoding = 4; lastKnownFileType = text; path = README.txt; sourceTree = "<group>"; };
		84E084CD1A1B9A690071D662 /* CorePlot.xcodeproj */ = {isa = PBXFileReference; lastKnownFileType = "wrapper.pb-project"; name = CorePlot.xcodeproj; path = ../Submodules/CorePlot/framework/CorePlot.xcodeproj; sourceTree = "<group>"; };
		84E084D71A1B9A7D0071D662 /* CorePlot-CocoaTouch.xcodeproj */ = {isa = PBXFileReference; lastKnownFileType = "wrapper.pb-project"; name = "CorePlot-CocoaTouch.xcodeproj"; path = "../Submodules/CorePlot/framework/CorePlot-CocoaTouch.xcodeproj"; sourceTree = "<group>"; };
		84E084E21A1C7CD60071D662 /* Model.xcdatamodel */ = {isa = PBXFileReference; lastKnownFileType = wrapper.xcdatamodel; path = Model.xcdatamodel; sourceTree = "<group>"; };
		84E084E51A1C7D040071D662 /* DataService.h */ = {isa = PBXFileReference; fileEncoding = 4; lastKnownFileType = sourcecode.c.h; name = DataService.h; path = "Shared Resources/DataService.h"; sourceTree = "<group>"; };
		84E084E61A1C7D040071D662 /* DataService.m */ = {isa = PBXFileReference; fileEncoding = 4; lastKnownFileType = sourcecode.c.objc; name = DataService.m; path = "Shared Resources/DataService.m"; sourceTree = "<group>"; };
		84E084E91A1C7E620071D662 /* PrefixHeader.pch */ = {isa = PBXFileReference; lastKnownFileType = sourcecode.c.h; path = PrefixHeader.pch; sourceTree = "<group>"; };
		84E084EA1A1C7E720071D662 /* PrefixHeader.pch */ = {isa = PBXFileReference; lastKnownFileType = sourcecode.c.h; path = PrefixHeader.pch; sourceTree = "<group>"; };
		84E084EE1A1C7F380071D662 /* CLPlacemark+MKAnnotationDelegate.h */ = {isa = PBXFileReference; fileEncoding = 4; lastKnownFileType = sourcecode.c.h; path = "CLPlacemark+MKAnnotationDelegate.h"; sourceTree = "<group>"; };
		84E084EF1A1C7F380071D662 /* CLPlacemark+MKAnnotationDelegate.m */ = {isa = PBXFileReference; fileEncoding = 4; lastKnownFileType = sourcecode.c.objc; path = "CLPlacemark+MKAnnotationDelegate.m"; sourceTree = "<group>"; };
		84E084F21A1C7F380071D662 /* NSDate+ISO8601Date.h */ = {isa = PBXFileReference; fileEncoding = 4; lastKnownFileType = sourcecode.c.h; path = "NSDate+ISO8601Date.h"; sourceTree = "<group>"; };
		84E084F31A1C7F380071D662 /* NSDate+ISO8601Date.m */ = {isa = PBXFileReference; fileEncoding = 4; lastKnownFileType = sourcecode.c.objc; path = "NSDate+ISO8601Date.m"; sourceTree = "<group>"; };
		84E084F61A1C7F380071D662 /* NSString+ISO8601Date.h */ = {isa = PBXFileReference; fileEncoding = 4; lastKnownFileType = sourcecode.c.h; path = "NSString+ISO8601Date.h"; sourceTree = "<group>"; };
		84E084F71A1C7F380071D662 /* NSString+ISO8601Date.m */ = {isa = PBXFileReference; fileEncoding = 4; lastKnownFileType = sourcecode.c.objc; path = "NSString+ISO8601Date.m"; sourceTree = "<group>"; };
		84E084F91A1C7F380071D662 /* NSString+URLEncoding.h */ = {isa = PBXFileReference; fileEncoding = 4; lastKnownFileType = sourcecode.c.h; path = "NSString+URLEncoding.h"; sourceTree = "<group>"; };
		84E084FA1A1C7F380071D662 /* NSString+URLEncoding.m */ = {isa = PBXFileReference; fileEncoding = 4; lastKnownFileType = sourcecode.c.objc; path = "NSString+URLEncoding.m"; sourceTree = "<group>"; };
		84E084FC1A1C7F380071D662 /* NSString+validation.h */ = {isa = PBXFileReference; fileEncoding = 4; lastKnownFileType = sourcecode.c.h; path = "NSString+validation.h"; sourceTree = "<group>"; };
		84E084FD1A1C7F380071D662 /* NSString+validation.m */ = {isa = PBXFileReference; fileEncoding = 4; lastKnownFileType = sourcecode.c.objc; path = "NSString+validation.m"; sourceTree = "<group>"; };
		84E085091A1C7F380071D662 /* ISO8601DateFormatter.h */ = {isa = PBXFileReference; fileEncoding = 4; lastKnownFileType = sourcecode.c.h; path = ISO8601DateFormatter.h; sourceTree = "<group>"; };
		84E0850A1A1C7F380071D662 /* ISO8601DateFormatter.m */ = {isa = PBXFileReference; fileEncoding = 4; lastKnownFileType = sourcecode.c.objc; path = ISO8601DateFormatter.m; sourceTree = "<group>"; };
		84E0850C1A1C7F380071D662 /* LumberjackFormatter.h */ = {isa = PBXFileReference; fileEncoding = 4; lastKnownFileType = sourcecode.c.h; path = LumberjackFormatter.h; sourceTree = "<group>"; };
		84E0850D1A1C7F380071D662 /* LumberjackFormatter.m */ = {isa = PBXFileReference; fileEncoding = 4; lastKnownFileType = sourcecode.c.objc; path = LumberjackFormatter.m; sourceTree = "<group>"; };
		84E085441A1C7F380071D662 /* NSImageToDataTransformer.h */ = {isa = PBXFileReference; fileEncoding = 4; lastKnownFileType = sourcecode.c.h; path = NSImageToDataTransformer.h; sourceTree = "<group>"; };
		84E085451A1C7F380071D662 /* NSImageToDataTransformer.m */ = {isa = PBXFileReference; fileEncoding = 4; lastKnownFileType = sourcecode.c.objc; path = NSImageToDataTransformer.m; sourceTree = "<group>"; };
		84E085471A1C7F380071D662 /* UIImageToDataTransformer.h */ = {isa = PBXFileReference; fileEncoding = 4; lastKnownFileType = sourcecode.c.h; path = UIImageToDataTransformer.h; sourceTree = "<group>"; };
		84E085481A1C7F380071D662 /* UIImageToDataTransformer.m */ = {isa = PBXFileReference; fileEncoding = 4; lastKnownFileType = sourcecode.c.objc; path = UIImageToDataTransformer.m; sourceTree = "<group>"; };
/* End PBXFileReference section */

/* Begin PBXFrameworksBuildPhase section */
		84E084091A1B987C0071D662 /* Frameworks */ = {
			isa = PBXFrameworksBuildPhase;
			buildActionMask = 2147483647;
			files = (
				8455586E1A291808003127B3 /* MapKit.framework in Frameworks */,
			);
			runOnlyForDeploymentPostprocessing = 0;
		};
		84E084241A1B987C0071D662 /* Frameworks */ = {
			isa = PBXFrameworksBuildPhase;
			buildActionMask = 2147483647;
			files = (
			);
			runOnlyForDeploymentPostprocessing = 0;
		};
		84E084361A1B988D0071D662 /* Frameworks */ = {
			isa = PBXFrameworksBuildPhase;
			buildActionMask = 2147483647;
			files = (
				84297A9D1A21407D0070E151 /* MapKit.framework in Frameworks */,
			);
			runOnlyForDeploymentPostprocessing = 0;
		};
		84E0844B1A1B988E0071D662 /* Frameworks */ = {
			isa = PBXFrameworksBuildPhase;
			buildActionMask = 2147483647;
			files = (
			);
			runOnlyForDeploymentPostprocessing = 0;
		};
/* End PBXFrameworksBuildPhase section */

/* Begin PBXGroup section */
		84297AAC1A21DF660070E151 /* List Scene */ = {
			isa = PBXGroup;
			children = (
				84E084421A1B988D0071D662 /* OSXListViewController.h */,
				84E084431A1B988D0071D662 /* OSXListViewController.m */,
				84297AAD1A21DFEA0070E151 /* OSXListTableView.h */,
				84297AAE1A21DFEA0070E151 /* OSXListTableView.m */,
			);
			name = "List Scene";
			sourceTree = "<group>";
		};
		84297AB31A21EA2F0070E151 /* Detail Scene */ = {
			isa = PBXGroup;
			children = (
				84CB76211A288D47008D6775 /* OSXDetailViewController.h */,
				84CB76221A288D47008D6775 /* OSXDetailViewController.m */,
				84CB762C1A288D83008D6775 /* OSXTabView.h */,
				84CB762D1A288D83008D6775 /* OSXTabView.m */,
				84CB76321A288E1E008D6775 /* Collection Scene */,
				84CB76381A288E83008D6775 /* Graph Scene */,
			);
			name = "Detail Scene";
			sourceTree = "<group>";
		};
		84297AB41A21EA7D0070E151 /* Map Scene */ = {
			isa = PBXGroup;
			children = (
				84297AB51A21EAA10070E151 /* OSXMapViewController.h */,
				84297AB61A21EAA10070E151 /* OSXMapViewController.m */,
			);
			name = "Map Scene";
			sourceTree = "<group>";
		};
		84297ABD1A21EDC20070E151 /* Split Scene */ = {
			isa = PBXGroup;
			children = (
				84297AA71A2143F30070E151 /* OSXSplitViewController.h */,
				84297AA81A2143F30070E151 /* OSXSplitViewController.m */,
				84297ABA1A21EDB70070E151 /* OSXSplitView.h */,
				84297ABB1A21EDB70070E151 /* OSXSplitView.m */,
			);
			name = "Split Scene";
			sourceTree = "<group>";
		};
		845558631A290F4F003127B3 /* List Scene */ = {
			isa = PBXGroup;
			children = (
				84E084181A1B987C0071D662 /* IOSListViewController.h */,
				84E084191A1B987C0071D662 /* IOSListViewController.m */,
				8486FDFC1A29BDB4003AB3EE /* IOSListTableViewCell.h */,
				8486FDFD1A29BDB4003AB3EE /* IOSListTableViewCell.m */,
			);
			name = "List Scene";
			sourceTree = "<group>";
		};
		845558641A290F6A003127B3 /* Detail Scene */ = {
			isa = PBXGroup;
			children = (
				8455586F1A291C17003127B3 /* IOSDetailViewController.h */,
				845558701A291C17003127B3 /* IOSDetailViewController.m */,
			);
			name = "Detail Scene";
			path = ..;
			sourceTree = "<group>";
		};
		845558681A29103C003127B3 /* Split Scene */ = {
			isa = PBXGroup;
			children = (
				845558651A291036003127B3 /* IOSSplitViewController.h */,
				845558661A291036003127B3 /* IOSSplitViewController.m */,
			);
			name = "Split Scene";
			sourceTree = "<group>";
		};
		8455586C1A2912A9003127B3 /* Map Scene */ = {
			isa = PBXGroup;
			children = (
				845558691A2912A3003127B3 /* IOSMapViewController.h */,
				8455586A1A2912A3003127B3 /* IOSMapViewController.m */,
			);
			name = "Map Scene";
			sourceTree = "<group>";
		};
		8486FE091A29CA83003AB3EE /* Models */ = {
			isa = PBXGroup;
			children = (
				8486FE051A29CA7B003AB3EE /* Location.h */,
				8486FE061A29CA7B003AB3EE /* Location.m */,
			);
			name = Models;
			sourceTree = "<group>";
		};
		848BF9C91A1D2E2F00A4F000 /* Frameworks */ = {
			isa = PBXGroup;
			children = (
				8455586D1A291808003127B3 /* MapKit.framework */,
				84297A9C1A21407D0070E151 /* MapKit.framework */,
				848BF9CA1A1D2E2F00A4F000 /* WatchKit.framework */,
			);
			name = Frameworks;
			sourceTree = "<group>";
		};
		848BF9CC1A1D2E2F00A4F000 /* WeatherFrog for iOS WatchKit Extension */ = {
			isa = PBXGroup;
			children = (
				848BF9D01A1D2E2F00A4F000 /* InterfaceController.h */,
				848BF9D11A1D2E2F00A4F000 /* InterfaceController.m */,
				848BF9D31A1D2E2F00A4F000 /* NotificationController.h */,
				848BF9D41A1D2E2F00A4F000 /* NotificationController.m */,
				848BF9D61A1D2E2F00A4F000 /* Images.xcassets */,
				848BF9CD1A1D2E2F00A4F000 /* Supporting Files */,
			);
			path = "WeatherFrog for iOS WatchKit Extension";
			sourceTree = "<group>";
		};
		848BF9CD1A1D2E2F00A4F000 /* Supporting Files */ = {
			isa = PBXGroup;
			children = (
				848BF9CE1A1D2E2F00A4F000 /* Info.plist */,
				848BF9CF1A1D2E2F00A4F000 /* PushNotificationPayload.json */,
			);
			name = "Supporting Files";
			sourceTree = "<group>";
		};
		848BF9DE1A1D2E2F00A4F000 /* WeatherFrog for iOS Watch App */ = {
			isa = PBXGroup;
			children = (
				848BF9E11A1D2E2F00A4F000 /* Interface.storyboard */,
				848BF9E31A1D2E2F00A4F000 /* Images.xcassets */,
				848BF9DF1A1D2E2F00A4F000 /* Supporting Files */,
			);
			path = "WeatherFrog for iOS Watch App";
			sourceTree = "<group>";
		};
		848BF9DF1A1D2E2F00A4F000 /* Supporting Files */ = {
			isa = PBXGroup;
			children = (
				848BF9E01A1D2E2F00A4F000 /* Info.plist */,
			);
			name = "Supporting Files";
			sourceTree = "<group>";
		};
		84CB76321A288E1E008D6775 /* Collection Scene */ = {
			isa = PBXGroup;
			children = (
				84CB762F1A288E19008D6775 /* OSXCollectionViewController.h */,
				84CB76301A288E19008D6775 /* OSXCollectionViewController.m */,
				8475976B1A28A2490013824D /* OSXCollectionView.h */,
				8475976C1A28A2490013824D /* OSXCollectionView.m */,
			);
			name = "Collection Scene";
			sourceTree = "<group>";
		};
		84CB76381A288E83008D6775 /* Graph Scene */ = {
			isa = PBXGroup;
			children = (
				84CB76331A288E74008D6775 /* OSXGraphViewController.h */,
				84CB76341A288E74008D6775 /* OSXGraphViewController.m */,
				847597771A28A3820013824D /* OSXGraphView.h */,
				847597781A28A3820013824D /* OSXGraphView.m */,
			);
			name = "Graph Scene";
			sourceTree = "<group>";
		};
		84E083D31A1B98380071D662 = {
			isa = PBXGroup;
			children = (
				84E0843A1A1B988D0071D662 /* WeatherFrog for OSX */,
				84E0840D1A1B987C0071D662 /* WeatherFrog for iOS */,
				848BF9CC1A1D2E2F00A4F000 /* WeatherFrog for iOS WatchKit Extension */,
				848BF9DE1A1D2E2F00A4F000 /* WeatherFrog for iOS Watch App */,
				84E084DF1A1C76CE0071D662 /* Shared Resources */,
				848BF9C91A1D2E2F00A4F000 /* Frameworks */,
				84E0845C1A1B99B10071D662 /* Vendor */,
				84E0842A1A1B987C0071D662 /* WeatherFrog for iOSTests */,
				84E084511A1B988E0071D662 /* WeatherFrog for OSXTests */,
				84E083DD1A1B98380071D662 /* Products */,
			);
			sourceTree = "<group>";
		};
		84E083DD1A1B98380071D662 /* Products */ = {
			isa = PBXGroup;
			children = (
				84E0840C1A1B987C0071D662 /* WeatherFrog for iOS.app */,
				84E084271A1B987C0071D662 /* WeatherFrog for iOSTests.xctest */,
				84E084391A1B988D0071D662 /* WeatherFrog for OSX.app */,
				84E0844E1A1B988E0071D662 /* WeatherFrog for OSXTests.xctest */,
			);
			name = Products;
			sourceTree = "<group>";
		};
		84E0840D1A1B987C0071D662 /* WeatherFrog for iOS */ = {
			isa = PBXGroup;
			children = (
				84E084121A1B987C0071D662 /* IOSAppDelegate.h */,
				84E084131A1B987C0071D662 /* IOSAppDelegate.m */,
				845558681A29103C003127B3 /* Split Scene */,
				845558631A290F4F003127B3 /* List Scene */,
				845558641A290F6A003127B3 /* Detail Scene */,
				8455586C1A2912A9003127B3 /* Map Scene */,
				84E0841B1A1B987C0071D662 /* Main.storyboard */,
				84E0841E1A1B987C0071D662 /* Images.xcassets */,
				84E084201A1B987C0071D662 /* LaunchScreen.xib */,
				84E0840E1A1B987C0071D662 /* Supporting Files */,
			);
			path = "WeatherFrog for iOS";
			sourceTree = "<group>";
		};
		84E0840E1A1B987C0071D662 /* Supporting Files */ = {
			isa = PBXGroup;
			children = (
				84E0840F1A1B987C0071D662 /* Info.plist */,
				84E084101A1B987C0071D662 /* main.m */,
				84E084E91A1C7E620071D662 /* PrefixHeader.pch */,
			);
			name = "Supporting Files";
			sourceTree = "<group>";
		};
		84E0842A1A1B987C0071D662 /* WeatherFrog for iOSTests */ = {
			isa = PBXGroup;
			children = (
				84E0842D1A1B987C0071D662 /* WeatherFrog_for_iOSTests.m */,
				84E0842B1A1B987C0071D662 /* Supporting Files */,
			);
			path = "WeatherFrog for iOSTests";
			sourceTree = "<group>";
		};
		84E0842B1A1B987C0071D662 /* Supporting Files */ = {
			isa = PBXGroup;
			children = (
				84E0842C1A1B987C0071D662 /* Info.plist */,
			);
			name = "Supporting Files";
			sourceTree = "<group>";
		};
		84E0843A1A1B988D0071D662 /* WeatherFrog for OSX */ = {
			isa = PBXGroup;
			children = (
				84C77E181A1C84DC00348A8A /* WeatherFrog for OSX.entitlements */,
				84E0843D1A1B988D0071D662 /* OSXAppDelegate.h */,
				84E0843E1A1B988D0071D662 /* OSXAppDelegate.m */,
				84297AA41A2142A20070E151 /* OSXWindowController.h */,
				84297AA51A2142A20070E151 /* OSXWindowController.m */,
				84297ABD1A21EDC20070E151 /* Split Scene */,
				84297AAC1A21DF660070E151 /* List Scene */,
				84297AB31A21EA2F0070E151 /* Detail Scene */,
				84297AB41A21EA7D0070E151 /* Map Scene */,
				84E084451A1B988D0071D662 /* Images.xcassets */,
				84E084471A1B988E0071D662 /* Main.storyboard */,
				84E0843B1A1B988D0071D662 /* Supporting Files */,
			);
			path = "WeatherFrog for OSX";
			sourceTree = "<group>";
		};
		84E0843B1A1B988D0071D662 /* Supporting Files */ = {
			isa = PBXGroup;
			children = (
				84E0843C1A1B988D0071D662 /* Info.plist */,
				84E084401A1B988D0071D662 /* main.m */,
				84E084EA1A1C7E720071D662 /* PrefixHeader.pch */,
			);
			name = "Supporting Files";
			sourceTree = "<group>";
		};
		84E084511A1B988E0071D662 /* WeatherFrog for OSXTests */ = {
			isa = PBXGroup;
			children = (
				84E084541A1B988E0071D662 /* WeatherFrog_for_OSXTests.m */,
				84E084521A1B988E0071D662 /* Supporting Files */,
			);
			path = "WeatherFrog for OSXTests";
			sourceTree = "<group>";
		};
		84E084521A1B988E0071D662 /* Supporting Files */ = {
			isa = PBXGroup;
			children = (
				84E084531A1B988E0071D662 /* Info.plist */,
			);
			name = "Supporting Files";
			sourceTree = "<group>";
		};
		84E0845C1A1B99B10071D662 /* Vendor */ = {
			isa = PBXGroup;
			children = (
				84E084D71A1B9A7D0071D662 /* CorePlot-CocoaTouch.xcodeproj */,
				84E084CD1A1B9A690071D662 /* CorePlot.xcodeproj */,
				84E0849D1A1B9A020071D662 /* Lumberjack */,
				84E084831A1B99E40071D662 /* UIKit+AFNetworking */,
				84E0845D1A1B99D20071D662 /* AFNetworking */,
				84E084EB1A1C7F380071D662 /* Libraries */,
			);
			name = Vendor;
			sourceTree = "<group>";
		};
		84E0845D1A1B99D20071D662 /* AFNetworking */ = {
			isa = PBXGroup;
			children = (
				84E0845E1A1B99D20071D662 /* AFHTTPRequestOperation.h */,
				84E0845F1A1B99D20071D662 /* AFHTTPRequestOperation.m */,
				84E084601A1B99D20071D662 /* AFHTTPRequestOperationManager.h */,
				84E084611A1B99D20071D662 /* AFHTTPRequestOperationManager.m */,
				84E084621A1B99D20071D662 /* AFHTTPSessionManager.h */,
				84E084631A1B99D20071D662 /* AFHTTPSessionManager.m */,
				84E084641A1B99D20071D662 /* AFNetworking.h */,
				84E084651A1B99D20071D662 /* AFNetworkReachabilityManager.h */,
				84E084661A1B99D20071D662 /* AFNetworkReachabilityManager.m */,
				84E084671A1B99D20071D662 /* AFSecurityPolicy.h */,
				84E084681A1B99D20071D662 /* AFSecurityPolicy.m */,
				84E084691A1B99D20071D662 /* AFURLConnectionOperation.h */,
				84E0846A1A1B99D20071D662 /* AFURLConnectionOperation.m */,
				84E0846B1A1B99D20071D662 /* AFURLRequestSerialization.h */,
				84E0846C1A1B99D20071D662 /* AFURLRequestSerialization.m */,
				84E0846D1A1B99D20071D662 /* AFURLResponseSerialization.h */,
				84E0846E1A1B99D20071D662 /* AFURLResponseSerialization.m */,
				84E0846F1A1B99D20071D662 /* AFURLSessionManager.h */,
				84E084701A1B99D20071D662 /* AFURLSessionManager.m */,
			);
			name = AFNetworking;
			path = ../Submodules/AFNetworking/AFNetworking;
			sourceTree = "<group>";
		};
		84E084831A1B99E40071D662 /* UIKit+AFNetworking */ = {
			isa = PBXGroup;
			children = (
				84E084841A1B99E40071D662 /* AFNetworkActivityIndicatorManager.h */,
				84E084851A1B99E40071D662 /* AFNetworkActivityIndicatorManager.m */,
				84E084861A1B99E40071D662 /* UIActivityIndicatorView+AFNetworking.h */,
				84E084871A1B99E40071D662 /* UIActivityIndicatorView+AFNetworking.m */,
				84E084881A1B99E40071D662 /* UIAlertView+AFNetworking.h */,
				84E084891A1B99E40071D662 /* UIAlertView+AFNetworking.m */,
				84E0848A1A1B99E40071D662 /* UIButton+AFNetworking.h */,
				84E0848B1A1B99E40071D662 /* UIButton+AFNetworking.m */,
				84E0848C1A1B99E40071D662 /* UIImageView+AFNetworking.h */,
				84E0848D1A1B99E40071D662 /* UIImageView+AFNetworking.m */,
				84E0848E1A1B99E40071D662 /* UIKit+AFNetworking.h */,
				84E0848F1A1B99E40071D662 /* UIProgressView+AFNetworking.h */,
				84E084901A1B99E40071D662 /* UIProgressView+AFNetworking.m */,
				84E084911A1B99E40071D662 /* UIRefreshControl+AFNetworking.h */,
				84E084921A1B99E40071D662 /* UIRefreshControl+AFNetworking.m */,
				84E084931A1B99E40071D662 /* UIWebView+AFNetworking.h */,
				84E084941A1B99E40071D662 /* UIWebView+AFNetworking.m */,
			);
			name = "UIKit+AFNetworking";
			path = "../Submodules/AFNetworking/UIKit+AFNetworking";
			sourceTree = "<group>";
		};
		84E0849D1A1B9A020071D662 /* Lumberjack */ = {
			isa = PBXGroup;
			children = (
				84E0849E1A1B9A020071D662 /* CLI */,
				84E084A11A1B9A020071D662 /* DDAbstractDatabaseLogger.h */,
				84E084A21A1B9A020071D662 /* DDAbstractDatabaseLogger.m */,
				84E084A31A1B9A020071D662 /* DDASLLogCapture.h */,
				84E084A41A1B9A020071D662 /* DDASLLogCapture.m */,
				84E084A51A1B9A020071D662 /* DDASLLogger.h */,
				84E084A61A1B9A020071D662 /* DDASLLogger.m */,
				84E084A71A1B9A020071D662 /* DDAssert.h */,
				84E084A81A1B9A020071D662 /* DDFileLogger.h */,
				84E084A91A1B9A020071D662 /* DDFileLogger.m */,
				84E084AA1A1B9A020071D662 /* DDLog+LOGV.h */,
				84E084AB1A1B9A020071D662 /* DDLog.h */,
				84E084AC1A1B9A020071D662 /* DDLog.m */,
				84E084AD1A1B9A020071D662 /* DDTTYLogger.h */,
				84E084AE1A1B9A020071D662 /* DDTTYLogger.m */,
				84E084AF1A1B9A020071D662 /* Extensions */,
			);
			name = Lumberjack;
			path = ../Submodules/CocoaLumberjack/Lumberjack;
			sourceTree = "<group>";
		};
		84E0849E1A1B9A020071D662 /* CLI */ = {
			isa = PBXGroup;
			children = (
				84E0849F1A1B9A020071D662 /* CLIColor.h */,
				84E084A01A1B9A020071D662 /* CLIColor.m */,
			);
			path = CLI;
			sourceTree = "<group>";
		};
		84E084AF1A1B9A020071D662 /* Extensions */ = {
			isa = PBXGroup;
			children = (
				84E084B01A1B9A020071D662 /* DDContextFilterLogFormatter.h */,
				84E084B11A1B9A020071D662 /* DDContextFilterLogFormatter.m */,
				84E084B21A1B9A020071D662 /* DDDispatchQueueLogFormatter.h */,
				84E084B31A1B9A020071D662 /* DDDispatchQueueLogFormatter.m */,
				84E084B41A1B9A020071D662 /* DDMultiFormatter.h */,
				84E084B51A1B9A020071D662 /* DDMultiFormatter.m */,
				84E084B61A1B9A020071D662 /* README.txt */,
			);
			path = Extensions;
			sourceTree = "<group>";
		};
		84E084CE1A1B9A690071D662 /* Products */ = {
			isa = PBXGroup;
			children = (
				84E084D41A1B9A6A0071D662 /* CorePlot.framework */,
				84E084D61A1B9A6A0071D662 /* UnitTests.xctest */,
			);
			name = Products;
			sourceTree = "<group>";
		};
		84E084D81A1B9A7D0071D662 /* Products */ = {
			isa = PBXGroup;
			children = (
				84E084DE1A1B9A7D0071D662 /* libCorePlot-CocoaTouch.a */,
			);
			name = Products;
			sourceTree = "<group>";
		};
		84E084DF1A1C76CE0071D662 /* Shared Resources */ = {
			isa = PBXGroup;
			children = (
				84E084E11A1C7CD60071D662 /* Model.xcdatamodeld */,
				84E084E51A1C7D040071D662 /* DataService.h */,
				84E084E61A1C7D040071D662 /* DataService.m */,
				8486FE091A29CA83003AB3EE /* Models */,
				84C77E161A1C808300348A8A /* Lumberjack.h */,
				84B808C01A29F8BC0074DF01 /* LocationManager.h */,
				84B808C11A29F8BC0074DF01 /* LocationManager.m */,
			);
			name = "Shared Resources";
			sourceTree = "<group>";
		};
		84E084EB1A1C7F380071D662 /* Libraries */ = {
			isa = PBXGroup;
			children = (
				84E084EC1A1C7F380071D662 /* Categories */,
				84E085021A1C7F380071D662 /* Classes */,
			);
			name = Libraries;
			path = ../Submodules/Libraries;
			sourceTree = "<group>";
		};
		84E084EC1A1C7F380071D662 /* Categories */ = {
			isa = PBXGroup;
			children = (
				84E084ED1A1C7F380071D662 /* CLPlacemark */,
				84E084F01A1C7F380071D662 /* NSDate */,
				84E084F41A1C7F380071D662 /* NSString */,
			);
			path = Categories;
			sourceTree = "<group>";
		};
		84E084ED1A1C7F380071D662 /* CLPlacemark */ = {
			isa = PBXGroup;
			children = (
				84E084EE1A1C7F380071D662 /* CLPlacemark+MKAnnotationDelegate.h */,
				84E084EF1A1C7F380071D662 /* CLPlacemark+MKAnnotationDelegate.m */,
			);
			path = CLPlacemark;
			sourceTree = "<group>";
		};
		84E084F01A1C7F380071D662 /* NSDate */ = {
			isa = PBXGroup;
			children = (
				84E084F11A1C7F380071D662 /* ISO8601Date */,
			);
			path = NSDate;
			sourceTree = "<group>";
		};
		84E084F11A1C7F380071D662 /* ISO8601Date */ = {
			isa = PBXGroup;
			children = (
				84E084F21A1C7F380071D662 /* NSDate+ISO8601Date.h */,
				84E084F31A1C7F380071D662 /* NSDate+ISO8601Date.m */,
			);
			path = ISO8601Date;
			sourceTree = "<group>";
		};
		84E084F41A1C7F380071D662 /* NSString */ = {
			isa = PBXGroup;
			children = (
				84E084F51A1C7F380071D662 /* ISO8601Date */,
				84E084F81A1C7F380071D662 /* URLEncoding */,
				84E084FB1A1C7F380071D662 /* Validation */,
			);
			path = NSString;
			sourceTree = "<group>";
		};
		84E084F51A1C7F380071D662 /* ISO8601Date */ = {
			isa = PBXGroup;
			children = (
				84E084F61A1C7F380071D662 /* NSString+ISO8601Date.h */,
				84E084F71A1C7F380071D662 /* NSString+ISO8601Date.m */,
			);
			path = ISO8601Date;
			sourceTree = "<group>";
		};
		84E084F81A1C7F380071D662 /* URLEncoding */ = {
			isa = PBXGroup;
			children = (
				84E084F91A1C7F380071D662 /* NSString+URLEncoding.h */,
				84E084FA1A1C7F380071D662 /* NSString+URLEncoding.m */,
			);
			path = URLEncoding;
			sourceTree = "<group>";
		};
		84E084FB1A1C7F380071D662 /* Validation */ = {
			isa = PBXGroup;
			children = (
				84E084FC1A1C7F380071D662 /* NSString+validation.h */,
				84E084FD1A1C7F380071D662 /* NSString+validation.m */,
			);
			path = Validation;
			sourceTree = "<group>";
		};
		84E085021A1C7F380071D662 /* Classes */ = {
			isa = PBXGroup;
			children = (
				84E085071A1C7F380071D662 /* Formatters */,
				84E0850E1A1C7F380071D662 /* Logic */,
				84E085421A1C7F380071D662 /* Transformers */,
			);
			path = Classes;
			sourceTree = "<group>";
		};
		84E085071A1C7F380071D662 /* Formatters */ = {
			isa = PBXGroup;
			children = (
				84E085081A1C7F380071D662 /* ISO86001DateFormatter */,
				84E0850B1A1C7F380071D662 /* LumberJackFormatter */,
			);
			path = Formatters;
			sourceTree = "<group>";
		};
		84E085081A1C7F380071D662 /* ISO86001DateFormatter */ = {
			isa = PBXGroup;
			children = (
				84E085091A1C7F380071D662 /* ISO8601DateFormatter.h */,
				84E0850A1A1C7F380071D662 /* ISO8601DateFormatter.m */,
			);
			path = ISO86001DateFormatter;
			sourceTree = "<group>";
		};
		84E0850B1A1C7F380071D662 /* LumberJackFormatter */ = {
			isa = PBXGroup;
			children = (
				84E0850C1A1C7F380071D662 /* LumberjackFormatter.h */,
				84E0850D1A1C7F380071D662 /* LumberjackFormatter.m */,
			);
			path = LumberJackFormatter;
			sourceTree = "<group>";
		};
		84E0850E1A1C7F380071D662 /* Logic */ = {
			isa = PBXGroup;
			children = (
			);
			path = Logic;
			sourceTree = "<group>";
		};
		84E085421A1C7F380071D662 /* Transformers */ = {
			isa = PBXGroup;
			children = (
				84E085431A1C7F380071D662 /* NSImageToDataTransformer */,
				84E085461A1C7F380071D662 /* UIImageToDataTransformer */,
			);
			path = Transformers;
			sourceTree = "<group>";
		};
		84E085431A1C7F380071D662 /* NSImageToDataTransformer */ = {
			isa = PBXGroup;
			children = (
				84E085441A1C7F380071D662 /* NSImageToDataTransformer.h */,
				84E085451A1C7F380071D662 /* NSImageToDataTransformer.m */,
			);
			path = NSImageToDataTransformer;
			sourceTree = "<group>";
		};
		84E085461A1C7F380071D662 /* UIImageToDataTransformer */ = {
			isa = PBXGroup;
			children = (
				84E085471A1C7F380071D662 /* UIImageToDataTransformer.h */,
				84E085481A1C7F380071D662 /* UIImageToDataTransformer.m */,
			);
			path = UIImageToDataTransformer;
			sourceTree = "<group>";
		};
/* End PBXGroup section */

/* Begin PBXNativeTarget section */
		84E0840B1A1B987C0071D662 /* WeatherFrog for iOS */ = {
			isa = PBXNativeTarget;
			buildConfigurationList = 84E0842F1A1B987C0071D662 /* Build configuration list for PBXNativeTarget "WeatherFrog for iOS" */;
			buildPhases = (
				84E084081A1B987C0071D662 /* Sources */,
				84E084091A1B987C0071D662 /* Frameworks */,
				84E0840A1A1B987C0071D662 /* Resources */,
				848BF9F41A1D2E2F00A4F000 /* Embed App Extensions */,
			);
			buildRules = (
			);
			dependencies = (
			);
			name = "WeatherFrog for iOS";
			productName = "WeatherFrog for iOS";
			productReference = 84E0840C1A1B987C0071D662 /* WeatherFrog for iOS.app */;
			productType = "com.apple.product-type.application";
		};
		84E084261A1B987C0071D662 /* WeatherFrog for iOSTests */ = {
			isa = PBXNativeTarget;
			buildConfigurationList = 84E084321A1B987C0071D662 /* Build configuration list for PBXNativeTarget "WeatherFrog for iOSTests" */;
			buildPhases = (
				84E084231A1B987C0071D662 /* Sources */,
				84E084241A1B987C0071D662 /* Frameworks */,
				84E084251A1B987C0071D662 /* Resources */,
			);
			buildRules = (
			);
			dependencies = (
				84E084291A1B987C0071D662 /* PBXTargetDependency */,
			);
			name = "WeatherFrog for iOSTests";
			productName = "WeatherFrog for iOSTests";
			productReference = 84E084271A1B987C0071D662 /* WeatherFrog for iOSTests.xctest */;
			productType = "com.apple.product-type.bundle.unit-test";
		};
		84E084381A1B988D0071D662 /* WeatherFrog for OSX */ = {
			isa = PBXNativeTarget;
			buildConfigurationList = 84E084561A1B988E0071D662 /* Build configuration list for PBXNativeTarget "WeatherFrog for OSX" */;
			buildPhases = (
				84E084351A1B988D0071D662 /* Sources */,
				84E084361A1B988D0071D662 /* Frameworks */,
				84E084371A1B988D0071D662 /* Resources */,
			);
			buildRules = (
			);
			dependencies = (
			);
			name = "WeatherFrog for OSX";
			productName = "WeatherFrog for OSX";
			productReference = 84E084391A1B988D0071D662 /* WeatherFrog for OSX.app */;
			productType = "com.apple.product-type.application";
		};
		84E0844D1A1B988E0071D662 /* WeatherFrog for OSXTests */ = {
			isa = PBXNativeTarget;
			buildConfigurationList = 84E084591A1B988E0071D662 /* Build configuration list for PBXNativeTarget "WeatherFrog for OSXTests" */;
			buildPhases = (
				84E0844A1A1B988E0071D662 /* Sources */,
				84E0844B1A1B988E0071D662 /* Frameworks */,
				84E0844C1A1B988E0071D662 /* Resources */,
			);
			buildRules = (
			);
			dependencies = (
				84E084501A1B988E0071D662 /* PBXTargetDependency */,
			);
			name = "WeatherFrog for OSXTests";
			productName = "WeatherFrog for OSXTests";
			productReference = 84E0844E1A1B988E0071D662 /* WeatherFrog for OSXTests.xctest */;
			productType = "com.apple.product-type.bundle.unit-test";
		};
/* End PBXNativeTarget section */

/* Begin PBXProject section */
		84E083D41A1B98380071D662 /* Project object */ = {
			isa = PBXProject;
			attributes = {
				LastUpgradeCheck = 0610;
				ORGANIZATIONNAME = "IC Servis, s.r.o.";
				TargetAttributes = {
					84E0840B1A1B987C0071D662 = {
						CreatedOnToolsVersion = 6.1;
						SystemCapabilities = {
							com.apple.Maps.iOS = {
								enabled = 1;
							};
						};
					};
					84E084261A1B987C0071D662 = {
						CreatedOnToolsVersion = 6.1;
						TestTargetID = 84E0840B1A1B987C0071D662;
					};
					84E084381A1B988D0071D662 = {
						CreatedOnToolsVersion = 6.1;
						SystemCapabilities = {
							com.apple.Sandbox = {
								enabled = 1;
							};
						};
					};
					84E0844D1A1B988E0071D662 = {
						CreatedOnToolsVersion = 6.1;
						TestTargetID = 84E084381A1B988D0071D662;
					};
				};
			};
			buildConfigurationList = 84E083D71A1B98380071D662 /* Build configuration list for PBXProject "WeatherFrog" */;
			compatibilityVersion = "Xcode 3.2";
			developmentRegion = English;
			hasScannedForEncodings = 0;
			knownRegions = (
				en,
				Base,
			);
			mainGroup = 84E083D31A1B98380071D662;
			productRefGroup = 84E083DD1A1B98380071D662 /* Products */;
			projectDirPath = "";
			projectReferences = (
				{
					ProductGroup = 84E084D81A1B9A7D0071D662 /* Products */;
					ProjectRef = 84E084D71A1B9A7D0071D662 /* CorePlot-CocoaTouch.xcodeproj */;
				},
				{
					ProductGroup = 84E084CE1A1B9A690071D662 /* Products */;
					ProjectRef = 84E084CD1A1B9A690071D662 /* CorePlot.xcodeproj */;
				},
			);
			projectRoot = "";
			targets = (
				84E084381A1B988D0071D662 /* WeatherFrog for OSX */,
				84E0844D1A1B988E0071D662 /* WeatherFrog for OSXTests */,
				84E0840B1A1B987C0071D662 /* WeatherFrog for iOS */,
				84E084261A1B987C0071D662 /* WeatherFrog for iOSTests */,
			);
		};
/* End PBXProject section */

/* Begin PBXReferenceProxy section */
		84E084D41A1B9A6A0071D662 /* CorePlot.framework */ = {
			isa = PBXReferenceProxy;
			fileType = wrapper.framework;
			path = CorePlot.framework;
			remoteRef = 84E084D31A1B9A6A0071D662 /* PBXContainerItemProxy */;
			sourceTree = BUILT_PRODUCTS_DIR;
		};
		84E084D61A1B9A6A0071D662 /* UnitTests.xctest */ = {
			isa = PBXReferenceProxy;
			fileType = wrapper.cfbundle;
			path = UnitTests.xctest;
			remoteRef = 84E084D51A1B9A6A0071D662 /* PBXContainerItemProxy */;
			sourceTree = BUILT_PRODUCTS_DIR;
		};
		84E084DE1A1B9A7D0071D662 /* libCorePlot-CocoaTouch.a */ = {
			isa = PBXReferenceProxy;
			fileType = archive.ar;
			path = "libCorePlot-CocoaTouch.a";
			remoteRef = 84E084DD1A1B9A7D0071D662 /* PBXContainerItemProxy */;
			sourceTree = BUILT_PRODUCTS_DIR;
		};
/* End PBXReferenceProxy section */

/* Begin PBXResourcesBuildPhase section */
		84E0840A1A1B987C0071D662 /* Resources */ = {
			isa = PBXResourcesBuildPhase;
			buildActionMask = 2147483647;
			files = (
				84E0841D1A1B987C0071D662 /* Main.storyboard in Resources */,
				84E084221A1B987C0071D662 /* LaunchScreen.xib in Resources */,
				84E084CB1A1B9A020071D662 /* README.txt in Resources */,
				84E0841F1A1B987C0071D662 /* Images.xcassets in Resources */,
			);
			runOnlyForDeploymentPostprocessing = 0;
		};
		84E084251A1B987C0071D662 /* Resources */ = {
			isa = PBXResourcesBuildPhase;
			buildActionMask = 2147483647;
			files = (
			);
			runOnlyForDeploymentPostprocessing = 0;
		};
		84E084371A1B988D0071D662 /* Resources */ = {
			isa = PBXResourcesBuildPhase;
			buildActionMask = 2147483647;
			files = (
				84E084461A1B988E0071D662 /* Images.xcassets in Resources */,
				84E084CC1A1B9A020071D662 /* README.txt in Resources */,
				84E084491A1B988E0071D662 /* Main.storyboard in Resources */,
			);
			runOnlyForDeploymentPostprocessing = 0;
		};
		84E0844C1A1B988E0071D662 /* Resources */ = {
			isa = PBXResourcesBuildPhase;
			buildActionMask = 2147483647;
			files = (
			);
			runOnlyForDeploymentPostprocessing = 0;
		};
/* End PBXResourcesBuildPhase section */

/* Begin PBXSourcesBuildPhase section */
		84E084081A1B987C0071D662 /* Sources */ = {
			isa = PBXSourcesBuildPhase;
			buildActionMask = 2147483647;
			files = (
				84E0849A1A1B99E40071D662 /* UIProgressView+AFNetworking.m in Sources */,
				84E084BF1A1B9A020071D662 /* DDFileLogger.m in Sources */,
				84E084981A1B99E40071D662 /* UIButton+AFNetworking.m in Sources */,
				84E0854C1A1C7F380071D662 /* NSDate+ISO8601Date.m in Sources */,
				84E0849B1A1B99E40071D662 /* UIRefreshControl+AFNetworking.m in Sources */,
				84E085501A1C7F380071D662 /* NSString+URLEncoding.m in Sources */,
				84E084971A1B99E40071D662 /* UIAlertView+AFNetworking.m in Sources */,
				84E085581A1C7F380071D662 /* ISO8601DateFormatter.m in Sources */,
				84E084C31A1B9A020071D662 /* DDTTYLogger.m in Sources */,
				84E084C51A1B9A020071D662 /* DDContextFilterLogFormatter.m in Sources */,
				84E084BD1A1B9A020071D662 /* DDASLLogger.m in Sources */,
				84E085521A1C7F380071D662 /* NSString+validation.m in Sources */,
				84E084C11A1B9A020071D662 /* DDLog.m in Sources */,
				84E0854A1A1C7F380071D662 /* CLPlacemark+MKAnnotationDelegate.m in Sources */,
				84E084141A1B987C0071D662 /* IOSAppDelegate.m in Sources */,
				84E084791A1B99D20071D662 /* AFSecurityPolicy.m in Sources */,
				84E084111A1B987C0071D662 /* main.m in Sources */,
				84E0858A1A1C7F380071D662 /* UIImageToDataTransformer.m in Sources */,
				84E084B91A1B9A020071D662 /* DDAbstractDatabaseLogger.m in Sources */,
				84E084731A1B99D20071D662 /* AFHTTPRequestOperationManager.m in Sources */,
				84E0847B1A1B99D20071D662 /* AFURLConnectionOperation.m in Sources */,
				84B808C31A29F8BC0074DF01 /* LocationManager.m in Sources */,
				84E084991A1B99E40071D662 /* UIImageView+AFNetworking.m in Sources */,
				84E084711A1B99D20071D662 /* AFHTTPRequestOperation.m in Sources */,
				8486FDFE1A29BDB4003AB3EE /* IOSListTableViewCell.m in Sources */,
				84E084E31A1C7CD70071D662 /* Model.xcdatamodeld in Sources */,
				84E084C91A1B9A020071D662 /* DDMultiFormatter.m in Sources */,
				8486FE081A29CA7B003AB3EE /* Location.m in Sources */,
				84E084C71A1B9A020071D662 /* DDDispatchQueueLogFormatter.m in Sources */,
				84E0854E1A1C7F380071D662 /* NSString+ISO8601Date.m in Sources */,
				8455586B1A2912A3003127B3 /* IOSMapViewController.m in Sources */,
				845558671A291036003127B3 /* IOSSplitViewController.m in Sources */,
				84E084961A1B99E40071D662 /* UIActivityIndicatorView+AFNetworking.m in Sources */,
				84E0841A1A1B987C0071D662 /* IOSListViewController.m in Sources */,
				84E0847D1A1B99D20071D662 /* AFURLRequestSerialization.m in Sources */,
				84E084751A1B99D20071D662 /* AFHTTPSessionManager.m in Sources */,
				845558711A291C17003127B3 /* IOSDetailViewController.m in Sources */,
				84E084771A1B99D20071D662 /* AFNetworkReachabilityManager.m in Sources */,
				84E084E71A1C7D040071D662 /* DataService.m in Sources */,
				84E0847F1A1B99D20071D662 /* AFURLResponseSerialization.m in Sources */,
				84E084BB1A1B9A020071D662 /* DDASLLogCapture.m in Sources */,
				84E0855A1A1C7F380071D662 /* LumberjackFormatter.m in Sources */,
				84E0849C1A1B99E40071D662 /* UIWebView+AFNetworking.m in Sources */,
				84E084811A1B99D20071D662 /* AFURLSessionManager.m in Sources */,
				84E084951A1B99E40071D662 /* AFNetworkActivityIndicatorManager.m in Sources */,
			);
			runOnlyForDeploymentPostprocessing = 0;
		};
		84E084231A1B987C0071D662 /* Sources */ = {
			isa = PBXSourcesBuildPhase;
			buildActionMask = 2147483647;
			files = (
				84E0842E1A1B987C0071D662 /* WeatherFrog_for_iOSTests.m in Sources */,
			);
			runOnlyForDeploymentPostprocessing = 0;
		};
		84E084351A1B988D0071D662 /* Sources */ = {
			isa = PBXSourcesBuildPhase;
			buildActionMask = 2147483647;
			files = (
				84E084BE1A1B9A020071D662 /* DDASLLogger.m in Sources */,
				84E084E41A1C7CD70071D662 /* Model.xcdatamodeld in Sources */,
				84297AB81A21EAA10070E151 /* OSXMapViewController.m in Sources */,
				84CB76361A288E74008D6775 /* OSXGraphViewController.m in Sources */,
				84E0855B1A1C7F380071D662 /* LumberjackFormatter.m in Sources */,
				84E084721A1B99D20071D662 /* AFHTTPRequestOperation.m in Sources */,
				84E084E81A1C7D040071D662 /* DataService.m in Sources */,
				84E084C81A1B9A020071D662 /* DDDispatchQueueLogFormatter.m in Sources */,
				84E084441A1B988D0071D662 /* OSXListViewController.m in Sources */,
				84CB76311A288E19008D6775 /* OSXCollectionViewController.m in Sources */,
				84297AA61A2142A20070E151 /* OSXWindowController.m in Sources */,
				84297AAF1A21DFEA0070E151 /* OSXListTableView.m in Sources */,
				84E084741A1B99D20071D662 /* AFHTTPRequestOperationManager.m in Sources */,
				84297AA91A2143F30070E151 /* OSXSplitViewController.m in Sources */,
				84E085891A1C7F380071D662 /* NSImageToDataTransformer.m in Sources */,
				84E0854D1A1C7F380071D662 /* NSDate+ISO8601Date.m in Sources */,
				84E084781A1B99D20071D662 /* AFNetworkReachabilityManager.m in Sources */,
				84E0854F1A1C7F380071D662 /* NSString+ISO8601Date.m in Sources */,
				8475976D1A28A2490013824D /* OSXCollectionView.m in Sources */,
				84297ABC1A21EDB70070E151 /* OSXSplitView.m in Sources */,
				84E084C61A1B9A020071D662 /* DDContextFilterLogFormatter.m in Sources */,
				84B808C21A29F8BC0074DF01 /* LocationManager.m in Sources */,
				84E084BA1A1B9A020071D662 /* DDAbstractDatabaseLogger.m in Sources */,
				84E084C21A1B9A020071D662 /* DDLog.m in Sources */,
				84E084801A1B99D20071D662 /* AFURLResponseSerialization.m in Sources */,
				84E0847C1A1B99D20071D662 /* AFURLConnectionOperation.m in Sources */,
				84E0854B1A1C7F380071D662 /* CLPlacemark+MKAnnotationDelegate.m in Sources */,
				8486FE071A29CA7B003AB3EE /* Location.m in Sources */,
				84E084B81A1B9A020071D662 /* CLIColor.m in Sources */,
				847597791A28A3820013824D /* OSXGraphView.m in Sources */,
				84E0847A1A1B99D20071D662 /* AFSecurityPolicy.m in Sources */,
				84E084BC1A1B9A020071D662 /* DDASLLogCapture.m in Sources */,
				84E084C01A1B9A020071D662 /* DDFileLogger.m in Sources */,
				84E085531A1C7F380071D662 /* NSString+validation.m in Sources */,
				84E084761A1B99D20071D662 /* AFHTTPSessionManager.m in Sources */,
				84E0847E1A1B99D20071D662 /* AFURLRequestSerialization.m in Sources */,
				84E084C41A1B9A020071D662 /* DDTTYLogger.m in Sources */,
				84CB76241A288D47008D6775 /* OSXDetailViewController.m in Sources */,
				84E084CA1A1B9A020071D662 /* DDMultiFormatter.m in Sources */,
				84E084821A1B99D20071D662 /* AFURLSessionManager.m in Sources */,
				84E084411A1B988D0071D662 /* main.m in Sources */,
				84E085591A1C7F380071D662 /* ISO8601DateFormatter.m in Sources */,
				84CB762E1A288D83008D6775 /* OSXTabView.m in Sources */,
				84E085511A1C7F380071D662 /* NSString+URLEncoding.m in Sources */,
				84E0843F1A1B988D0071D662 /* OSXAppDelegate.m in Sources */,
			);
			runOnlyForDeploymentPostprocessing = 0;
		};
		84E0844A1A1B988E0071D662 /* Sources */ = {
			isa = PBXSourcesBuildPhase;
			buildActionMask = 2147483647;
			files = (
				84E084551A1B988E0071D662 /* WeatherFrog_for_OSXTests.m in Sources */,
			);
			runOnlyForDeploymentPostprocessing = 0;
		};
/* End PBXSourcesBuildPhase section */

/* Begin PBXTargetDependency section */
		84E084291A1B987C0071D662 /* PBXTargetDependency */ = {
			isa = PBXTargetDependency;
			target = 84E0840B1A1B987C0071D662 /* WeatherFrog for iOS */;
			targetProxy = 84E084281A1B987C0071D662 /* PBXContainerItemProxy */;
		};
		84E084501A1B988E0071D662 /* PBXTargetDependency */ = {
			isa = PBXTargetDependency;
			target = 84E084381A1B988D0071D662 /* WeatherFrog for OSX */;
			targetProxy = 84E0844F1A1B988E0071D662 /* PBXContainerItemProxy */;
		};
/* End PBXTargetDependency section */

/* Begin PBXVariantGroup section */
		84E0841B1A1B987C0071D662 /* Main.storyboard */ = {
			isa = PBXVariantGroup;
			children = (
				84E0841C1A1B987C0071D662 /* Base */,
			);
			name = Main.storyboard;
			sourceTree = "<group>";
		};
		84E084201A1B987C0071D662 /* LaunchScreen.xib */ = {
			isa = PBXVariantGroup;
			children = (
				84E084211A1B987C0071D662 /* Base */,
			);
			name = LaunchScreen.xib;
			sourceTree = "<group>";
		};
		84E084471A1B988E0071D662 /* Main.storyboard */ = {
			isa = PBXVariantGroup;
			children = (
				84E084481A1B988E0071D662 /* Base */,
			);
			name = Main.storyboard;
			sourceTree = "<group>";
		};
/* End PBXVariantGroup section */

/* Begin XCBuildConfiguration section */
		84E084001A1B98380071D662 /* Debug */ = {
			isa = XCBuildConfiguration;
			buildSettings = {
				ALWAYS_SEARCH_USER_PATHS = NO;
				CLANG_CXX_LANGUAGE_STANDARD = "gnu++0x";
				CLANG_CXX_LIBRARY = "libc++";
				CLANG_ENABLE_MODULES = YES;
				CLANG_ENABLE_OBJC_ARC = YES;
				CLANG_WARN_BOOL_CONVERSION = YES;
				CLANG_WARN_CONSTANT_CONVERSION = YES;
				CLANG_WARN_DIRECT_OBJC_ISA_USAGE = YES_ERROR;
				CLANG_WARN_EMPTY_BODY = YES;
				CLANG_WARN_ENUM_CONVERSION = YES;
				CLANG_WARN_INT_CONVERSION = YES;
				CLANG_WARN_OBJC_ROOT_CLASS = YES_ERROR;
				CLANG_WARN_UNREACHABLE_CODE = YES;
				CLANG_WARN__DUPLICATE_METHOD_MATCH = YES;
				"CODE_SIGN_IDENTITY[sdk=iphoneos*]" = "iPhone Developer";
				COPY_PHASE_STRIP = NO;
				ENABLE_STRICT_OBJC_MSGSEND = YES;
				GCC_C_LANGUAGE_STANDARD = gnu99;
				GCC_DYNAMIC_NO_PIC = NO;
				GCC_OPTIMIZATION_LEVEL = 0;
				GCC_PREPROCESSOR_DEFINITIONS = (
					"DEBUG=1",
					"$(inherited)",
				);
				GCC_SYMBOLS_PRIVATE_EXTERN = NO;
				GCC_WARN_64_TO_32_BIT_CONVERSION = YES;
				GCC_WARN_ABOUT_RETURN_TYPE = YES_ERROR;
				GCC_WARN_UNDECLARED_SELECTOR = YES;
				GCC_WARN_UNINITIALIZED_AUTOS = YES_AGGRESSIVE;
				GCC_WARN_UNUSED_FUNCTION = YES;
				GCC_WARN_UNUSED_VARIABLE = YES;
				IPHONEOS_DEPLOYMENT_TARGET = 8.2;
				MACOSX_DEPLOYMENT_TARGET = 10.10;
				MTL_ENABLE_DEBUG_INFO = YES;
				ONLY_ACTIVE_ARCH = YES;
				SDKROOT = iphoneos;
				TARGETED_DEVICE_FAMILY = "1,2";
			};
			name = Debug;
		};
		84E084011A1B98380071D662 /* Release */ = {
			isa = XCBuildConfiguration;
			buildSettings = {
				ALWAYS_SEARCH_USER_PATHS = NO;
				CLANG_CXX_LANGUAGE_STANDARD = "gnu++0x";
				CLANG_CXX_LIBRARY = "libc++";
				CLANG_ENABLE_MODULES = YES;
				CLANG_ENABLE_OBJC_ARC = YES;
				CLANG_WARN_BOOL_CONVERSION = YES;
				CLANG_WARN_CONSTANT_CONVERSION = YES;
				CLANG_WARN_DIRECT_OBJC_ISA_USAGE = YES_ERROR;
				CLANG_WARN_EMPTY_BODY = YES;
				CLANG_WARN_ENUM_CONVERSION = YES;
				CLANG_WARN_INT_CONVERSION = YES;
				CLANG_WARN_OBJC_ROOT_CLASS = YES_ERROR;
				CLANG_WARN_UNREACHABLE_CODE = YES;
				CLANG_WARN__DUPLICATE_METHOD_MATCH = YES;
				"CODE_SIGN_IDENTITY[sdk=iphoneos*]" = "iPhone Developer";
				COPY_PHASE_STRIP = YES;
				ENABLE_NS_ASSERTIONS = NO;
				ENABLE_STRICT_OBJC_MSGSEND = YES;
				GCC_C_LANGUAGE_STANDARD = gnu99;
				GCC_WARN_64_TO_32_BIT_CONVERSION = YES;
				GCC_WARN_ABOUT_RETURN_TYPE = YES_ERROR;
				GCC_WARN_UNDECLARED_SELECTOR = YES;
				GCC_WARN_UNINITIALIZED_AUTOS = YES_AGGRESSIVE;
				GCC_WARN_UNUSED_FUNCTION = YES;
				GCC_WARN_UNUSED_VARIABLE = YES;
				IPHONEOS_DEPLOYMENT_TARGET = 8.2;
				MACOSX_DEPLOYMENT_TARGET = 10.10;
				MTL_ENABLE_DEBUG_INFO = NO;
				SDKROOT = iphoneos;
				TARGETED_DEVICE_FAMILY = "1,2";
				VALIDATE_PRODUCT = YES;
			};
			name = Release;
		};
		84E084301A1B987C0071D662 /* Debug */ = {
			isa = XCBuildConfiguration;
			buildSettings = {
				ASSETCATALOG_COMPILER_APPICON_NAME = AppIcon;
				GCC_PRECOMPILE_PREFIX_HEADER = YES;
				GCC_PREFIX_HEADER = "WeatherFrog for iOS/PrefixHeader.pch";
				GCC_PREPROCESSOR_DEFINITIONS = (
					"DEBUG=1",
					"$(inherited)",
				);
				INFOPLIST_FILE = "WeatherFrog for iOS/Info.plist";
				IPHONEOS_DEPLOYMENT_TARGET = 8.1;
				LD_RUNPATH_SEARCH_PATHS = "$(inherited) @executable_path/Frameworks";
				PRODUCT_NAME = "$(TARGET_NAME)";
			};
			name = Debug;
		};
		84E084311A1B987C0071D662 /* Release */ = {
			isa = XCBuildConfiguration;
			buildSettings = {
				ASSETCATALOG_COMPILER_APPICON_NAME = AppIcon;
				GCC_PRECOMPILE_PREFIX_HEADER = YES;
				GCC_PREFIX_HEADER = "WeatherFrog for iOS/PrefixHeader.pch";
				INFOPLIST_FILE = "WeatherFrog for iOS/Info.plist";
				IPHONEOS_DEPLOYMENT_TARGET = 8.1;
				LD_RUNPATH_SEARCH_PATHS = "$(inherited) @executable_path/Frameworks";
				PRODUCT_NAME = "$(TARGET_NAME)";
			};
			name = Release;
		};
		84E084331A1B987C0071D662 /* Debug */ = {
			isa = XCBuildConfiguration;
			buildSettings = {
				BUNDLE_LOADER = "$(TEST_HOST)";
				FRAMEWORK_SEARCH_PATHS = (
					"$(SDKROOT)/Developer/Library/Frameworks",
					"$(inherited)",
				);
				GCC_PREPROCESSOR_DEFINITIONS = (
					"DEBUG=1",
					"$(inherited)",
				);
				INFOPLIST_FILE = "WeatherFrog for iOSTests/Info.plist";
				LD_RUNPATH_SEARCH_PATHS = "$(inherited) @executable_path/Frameworks @loader_path/Frameworks";
				PRODUCT_NAME = "$(TARGET_NAME)";
				TEST_HOST = "$(BUILT_PRODUCTS_DIR)/WeatherFrog for iOS.app/WeatherFrog for iOS";
			};
			name = Debug;
		};
		84E084341A1B987C0071D662 /* Release */ = {
			isa = XCBuildConfiguration;
			buildSettings = {
				BUNDLE_LOADER = "$(TEST_HOST)";
				FRAMEWORK_SEARCH_PATHS = (
					"$(SDKROOT)/Developer/Library/Frameworks",
					"$(inherited)",
				);
				INFOPLIST_FILE = "WeatherFrog for iOSTests/Info.plist";
				LD_RUNPATH_SEARCH_PATHS = "$(inherited) @executable_path/Frameworks @loader_path/Frameworks";
				PRODUCT_NAME = "$(TARGET_NAME)";
				TEST_HOST = "$(BUILT_PRODUCTS_DIR)/WeatherFrog for iOS.app/WeatherFrog for iOS";
			};
			name = Release;
		};
		84E084571A1B988E0071D662 /* Debug */ = {
			isa = XCBuildConfiguration;
			buildSettings = {
				ASSETCATALOG_COMPILER_APPICON_NAME = AppIcon;
				CODE_SIGN_ENTITLEMENTS = "WeatherFrog for OSX/WeatherFrog for OSX.entitlements";
				CODE_SIGN_IDENTITY = "-";
				COMBINE_HIDPI_IMAGES = YES;
				GCC_PRECOMPILE_PREFIX_HEADER = YES;
				GCC_PREFIX_HEADER = "WeatherFrog for OSX/PrefixHeader.pch";
				GCC_PREPROCESSOR_DEFINITIONS = (
					"DEBUG=1",
					"$(inherited)",
				);
				INFOPLIST_FILE = "WeatherFrog for OSX/Info.plist";
				LD_RUNPATH_SEARCH_PATHS = "$(inherited) @executable_path/../Frameworks";
				MACOSX_DEPLOYMENT_TARGET = 10.10;
				PRODUCT_NAME = "$(TARGET_NAME)";
				SDKROOT = macosx;
			};
			name = Debug;
		};
		84E084581A1B988E0071D662 /* Release */ = {
			isa = XCBuildConfiguration;
			buildSettings = {
				ASSETCATALOG_COMPILER_APPICON_NAME = AppIcon;
				CODE_SIGN_ENTITLEMENTS = "WeatherFrog for OSX/WeatherFrog for OSX.entitlements";
				CODE_SIGN_IDENTITY = "-";
				COMBINE_HIDPI_IMAGES = YES;
				DEBUG_INFORMATION_FORMAT = "dwarf-with-dsym";
				GCC_PRECOMPILE_PREFIX_HEADER = YES;
				GCC_PREFIX_HEADER = "WeatherFrog for OSX/PrefixHeader.pch";
				INFOPLIST_FILE = "WeatherFrog for OSX/Info.plist";
				LD_RUNPATH_SEARCH_PATHS = "$(inherited) @executable_path/../Frameworks";
				MACOSX_DEPLOYMENT_TARGET = 10.10;
				PRODUCT_NAME = "$(TARGET_NAME)";
				SDKROOT = macosx;
			};
			name = Release;
		};
		84E0845A1A1B988E0071D662 /* Debug */ = {
			isa = XCBuildConfiguration;
			buildSettings = {
				BUNDLE_LOADER = "$(TEST_HOST)";
				COMBINE_HIDPI_IMAGES = YES;
				FRAMEWORK_SEARCH_PATHS = (
					"$(DEVELOPER_FRAMEWORKS_DIR)",
					"$(inherited)",
				);
				GCC_PREPROCESSOR_DEFINITIONS = (
					"DEBUG=1",
					"$(inherited)",
				);
				INFOPLIST_FILE = "WeatherFrog for OSXTests/Info.plist";
				LD_RUNPATH_SEARCH_PATHS = "$(inherited) @executable_path/../Frameworks @loader_path/../Frameworks";
				MACOSX_DEPLOYMENT_TARGET = 10.10;
				PRODUCT_NAME = "$(TARGET_NAME)";
				SDKROOT = macosx;
				TEST_HOST = "$(BUILT_PRODUCTS_DIR)/WeatherFrog for OSX.app/Contents/MacOS/WeatherFrog for OSX";
			};
			name = Debug;
		};
		84E0845B1A1B988E0071D662 /* Release */ = {
			isa = XCBuildConfiguration;
			buildSettings = {
				BUNDLE_LOADER = "$(TEST_HOST)";
				COMBINE_HIDPI_IMAGES = YES;
				DEBUG_INFORMATION_FORMAT = "dwarf-with-dsym";
				FRAMEWORK_SEARCH_PATHS = (
					"$(DEVELOPER_FRAMEWORKS_DIR)",
					"$(inherited)",
				);
				INFOPLIST_FILE = "WeatherFrog for OSXTests/Info.plist";
				LD_RUNPATH_SEARCH_PATHS = "$(inherited) @executable_path/../Frameworks @loader_path/../Frameworks";
				MACOSX_DEPLOYMENT_TARGET = 10.10;
				PRODUCT_NAME = "$(TARGET_NAME)";
				SDKROOT = macosx;
				TEST_HOST = "$(BUILT_PRODUCTS_DIR)/WeatherFrog for OSX.app/Contents/MacOS/WeatherFrog for OSX";
			};
			name = Release;
		};
/* End XCBuildConfiguration section */

/* Begin XCConfigurationList section */
		84E083D71A1B98380071D662 /* Build configuration list for PBXProject "WeatherFrog" */ = {
			isa = XCConfigurationList;
			buildConfigurations = (
				84E084001A1B98380071D662 /* Debug */,
				84E084011A1B98380071D662 /* Release */,
			);
			defaultConfigurationIsVisible = 0;
			defaultConfigurationName = Release;
		};
		84E0842F1A1B987C0071D662 /* Build configuration list for PBXNativeTarget "WeatherFrog for iOS" */ = {
			isa = XCConfigurationList;
			buildConfigurations = (
				84E084301A1B987C0071D662 /* Debug */,
				84E084311A1B987C0071D662 /* Release */,
			);
			defaultConfigurationIsVisible = 0;
			defaultConfigurationName = Release;
		};
		84E084321A1B987C0071D662 /* Build configuration list for PBXNativeTarget "WeatherFrog for iOSTests" */ = {
			isa = XCConfigurationList;
			buildConfigurations = (
				84E084331A1B987C0071D662 /* Debug */,
				84E084341A1B987C0071D662 /* Release */,
			);
			defaultConfigurationIsVisible = 0;
			defaultConfigurationName = Release;
		};
		84E084561A1B988E0071D662 /* Build configuration list for PBXNativeTarget "WeatherFrog for OSX" */ = {
			isa = XCConfigurationList;
			buildConfigurations = (
				84E084571A1B988E0071D662 /* Debug */,
				84E084581A1B988E0071D662 /* Release */,
			);
			defaultConfigurationIsVisible = 0;
			defaultConfigurationName = Release;
		};
		84E084591A1B988E0071D662 /* Build configuration list for PBXNativeTarget "WeatherFrog for OSXTests" */ = {
			isa = XCConfigurationList;
			buildConfigurations = (
				84E0845A1A1B988E0071D662 /* Debug */,
				84E0845B1A1B988E0071D662 /* Release */,
			);
			defaultConfigurationIsVisible = 0;
			defaultConfigurationName = Release;
		};
/* End XCConfigurationList section */

/* Begin XCVersionGroup section */
		84E084E11A1C7CD60071D662 /* Model.xcdatamodeld */ = {
			isa = XCVersionGroup;
			children = (
				84E084E21A1C7CD60071D662 /* Model.xcdatamodel */,
			);
			currentVersion = 84E084E21A1C7CD60071D662 /* Model.xcdatamodel */;
			name = Model.xcdatamodeld;
			path = "Shared Resources/Model.xcdatamodeld";
			sourceTree = "<group>";
			versionGroupType = wrapper.xcdatamodel;
		};
/* End XCVersionGroup section */
	};
	rootObject = 84E083D41A1B98380071D662 /* Project object */;
}
