// !$*UTF8*$!
{
	archiveVersion = 1;
	classes = {
	};
	objectVersion = 46;
	objects = {

/* Begin PBXBuildFile section */
		840F3A4E1A18B39E00E8BFDE /* main.m in Sources */ = {isa = PBXBuildFile; fileRef = 840F3A4D1A18B39E00E8BFDE /* main.m */; };
		840F3A511A18B39E00E8BFDE /* AppDelegate.m in Sources */ = {isa = PBXBuildFile; fileRef = 840F3A501A18B39E00E8BFDE /* AppDelegate.m */; };
		840F3A541A18B39E00E8BFDE /* WeatherFrog_iOS.xcdatamodeld in Sources */ = {isa = PBXBuildFile; fileRef = 840F3A521A18B39E00E8BFDE /* WeatherFrog_iOS.xcdatamodeld */; };
		840F3A571A18B39E00E8BFDE /* ViewController.m in Sources */ = {isa = PBXBuildFile; fileRef = 840F3A561A18B39E00E8BFDE /* ViewController.m */; };
		840F3A5A1A18B39E00E8BFDE /* Main.storyboard in Resources */ = {isa = PBXBuildFile; fileRef = 840F3A581A18B39E00E8BFDE /* Main.storyboard */; };
		840F3A5C1A18B39E00E8BFDE /* Images.xcassets in Resources */ = {isa = PBXBuildFile; fileRef = 840F3A5B1A18B39E00E8BFDE /* Images.xcassets */; };
		840F3A5F1A18B39E00E8BFDE /* LaunchScreen.xib in Resources */ = {isa = PBXBuildFile; fileRef = 840F3A5D1A18B39E00E8BFDE /* LaunchScreen.xib */; };
		840F3A6B1A18B39E00E8BFDE /* WeatherFrog_iOSTests.m in Sources */ = {isa = PBXBuildFile; fileRef = 840F3A6A1A18B39E00E8BFDE /* WeatherFrog_iOSTests.m */; };
		840F3B131A18B83400E8BFDE /* AFHTTPRequestOperation.m in Sources */ = {isa = PBXBuildFile; fileRef = 840F3AE21A18B83400E8BFDE /* AFHTTPRequestOperation.m */; };
		840F3B141A18B83400E8BFDE /* AFHTTPRequestOperationManager.m in Sources */ = {isa = PBXBuildFile; fileRef = 840F3AE41A18B83400E8BFDE /* AFHTTPRequestOperationManager.m */; };
		840F3B151A18B83400E8BFDE /* AFHTTPSessionManager.m in Sources */ = {isa = PBXBuildFile; fileRef = 840F3AE61A18B83400E8BFDE /* AFHTTPSessionManager.m */; };
		840F3B161A18B83400E8BFDE /* AFNetworkReachabilityManager.m in Sources */ = {isa = PBXBuildFile; fileRef = 840F3AE91A18B83400E8BFDE /* AFNetworkReachabilityManager.m */; };
		840F3B171A18B83400E8BFDE /* AFSecurityPolicy.m in Sources */ = {isa = PBXBuildFile; fileRef = 840F3AEB1A18B83400E8BFDE /* AFSecurityPolicy.m */; };
		840F3B181A18B83400E8BFDE /* AFURLConnectionOperation.m in Sources */ = {isa = PBXBuildFile; fileRef = 840F3AED1A18B83400E8BFDE /* AFURLConnectionOperation.m */; };
		840F3B191A18B83400E8BFDE /* AFURLRequestSerialization.m in Sources */ = {isa = PBXBuildFile; fileRef = 840F3AEF1A18B83400E8BFDE /* AFURLRequestSerialization.m */; };
		840F3B1A1A18B83400E8BFDE /* AFURLResponseSerialization.m in Sources */ = {isa = PBXBuildFile; fileRef = 840F3AF11A18B83400E8BFDE /* AFURLResponseSerialization.m */; };
		840F3B1B1A18B83400E8BFDE /* AFURLSessionManager.m in Sources */ = {isa = PBXBuildFile; fileRef = 840F3AF31A18B83400E8BFDE /* AFURLSessionManager.m */; };
		840F3B7F1A18B86200E8BFDE /* AFNetworkActivityIndicatorManager.m in Sources */ = {isa = PBXBuildFile; fileRef = 840F3B6F1A18B86200E8BFDE /* AFNetworkActivityIndicatorManager.m */; };
		840F3B801A18B86200E8BFDE /* UIActivityIndicatorView+AFNetworking.m in Sources */ = {isa = PBXBuildFile; fileRef = 840F3B711A18B86200E8BFDE /* UIActivityIndicatorView+AFNetworking.m */; };
		840F3B811A18B86200E8BFDE /* UIAlertView+AFNetworking.m in Sources */ = {isa = PBXBuildFile; fileRef = 840F3B731A18B86200E8BFDE /* UIAlertView+AFNetworking.m */; };
		840F3B821A18B86200E8BFDE /* UIButton+AFNetworking.m in Sources */ = {isa = PBXBuildFile; fileRef = 840F3B751A18B86200E8BFDE /* UIButton+AFNetworking.m */; };
		840F3B831A18B86200E8BFDE /* UIImageView+AFNetworking.m in Sources */ = {isa = PBXBuildFile; fileRef = 840F3B771A18B86200E8BFDE /* UIImageView+AFNetworking.m */; };
		840F3B841A18B86200E8BFDE /* UIProgressView+AFNetworking.m in Sources */ = {isa = PBXBuildFile; fileRef = 840F3B7A1A18B86200E8BFDE /* UIProgressView+AFNetworking.m */; };
		840F3B851A18B86200E8BFDE /* UIRefreshControl+AFNetworking.m in Sources */ = {isa = PBXBuildFile; fileRef = 840F3B7C1A18B86200E8BFDE /* UIRefreshControl+AFNetworking.m */; };
		840F3B861A18B86200E8BFDE /* UIWebView+AFNetworking.m in Sources */ = {isa = PBXBuildFile; fileRef = 840F3B7E1A18B86200E8BFDE /* UIWebView+AFNetworking.m */; };
		8447DF201A18DAE60011425A /* ISO8601DateFormatter.m in Sources */ = {isa = PBXBuildFile; fileRef = 8447DF1F1A18DAE60011425A /* ISO8601DateFormatter.m */; };
		8447DF2D1A18DB1A0011425A /* UIImageToDataTransformer.m in Sources */ = {isa = PBXBuildFile; fileRef = 8447DF2B1A18DB1A0011425A /* UIImageToDataTransformer.m */; };
		84C01D0C1A18CDDA000B473C /* DDAbstractDatabaseLogger.m in Sources */ = {isa = PBXBuildFile; fileRef = 84C01CF61A18CDDA000B473C /* DDAbstractDatabaseLogger.m */; };
		84C01D0D1A18CDDA000B473C /* DDASLLogCapture.m in Sources */ = {isa = PBXBuildFile; fileRef = 84C01CF81A18CDDA000B473C /* DDASLLogCapture.m */; };
		84C01D0E1A18CDDA000B473C /* DDASLLogger.m in Sources */ = {isa = PBXBuildFile; fileRef = 84C01CFA1A18CDDA000B473C /* DDASLLogger.m */; };
		84C01D0F1A18CDDA000B473C /* DDFileLogger.m in Sources */ = {isa = PBXBuildFile; fileRef = 84C01CFD1A18CDDA000B473C /* DDFileLogger.m */; };
		84C01D101A18CDDA000B473C /* DDLog.m in Sources */ = {isa = PBXBuildFile; fileRef = 84C01D001A18CDDA000B473C /* DDLog.m */; };
		84C01D111A18CDDA000B473C /* DDTTYLogger.m in Sources */ = {isa = PBXBuildFile; fileRef = 84C01D021A18CDDA000B473C /* DDTTYLogger.m */; };
		84C01D121A18CDDA000B473C /* DDContextFilterLogFormatter.m in Sources */ = {isa = PBXBuildFile; fileRef = 84C01D051A18CDDA000B473C /* DDContextFilterLogFormatter.m */; };
		84C01D131A18CDDA000B473C /* DDDispatchQueueLogFormatter.m in Sources */ = {isa = PBXBuildFile; fileRef = 84C01D071A18CDDA000B473C /* DDDispatchQueueLogFormatter.m */; };
		84C01D141A18CDDA000B473C /* DDMultiFormatter.m in Sources */ = {isa = PBXBuildFile; fileRef = 84C01D091A18CDDA000B473C /* DDMultiFormatter.m */; };
		84C01D151A18CDDA000B473C /* README.txt in Resources */ = {isa = PBXBuildFile; fileRef = 84C01D0A1A18CDDA000B473C /* README.txt */; };
		84C01D3F1A18D01F000B473C /* CLPlacemark+MKAnnotationDelegate.m in Sources */ = {isa = PBXBuildFile; fileRef = 84C01D1B1A18D01F000B473C /* CLPlacemark+MKAnnotationDelegate.m */; };
		84C01D401A18D01F000B473C /* NSDate+ISO8601Date.m in Sources */ = {isa = PBXBuildFile; fileRef = 84C01D1F1A18D01F000B473C /* NSDate+ISO8601Date.m */; };
		84C01D411A18D01F000B473C /* NSString+ISO8601Date.m in Sources */ = {isa = PBXBuildFile; fileRef = 84C01D231A18D01F000B473C /* NSString+ISO8601Date.m */; };
		84C01D421A18D01F000B473C /* NSString+URLEncoding.m in Sources */ = {isa = PBXBuildFile; fileRef = 84C01D261A18D01F000B473C /* NSString+URLEncoding.m */; };
		84C01D431A18D01F000B473C /* NSString+validation.m in Sources */ = {isa = PBXBuildFile; fileRef = 84C01D291A18D01F000B473C /* NSString+validation.m */; };
		84C01D441A18D01F000B473C /* UIImage+fixOrientation.m in Sources */ = {isa = PBXBuildFile; fileRef = 84C01D2D1A18D01F000B473C /* UIImage+fixOrientation.m */; };
		84C01D471A18D01F000B473C /* LumberjackFormatter.m in Sources */ = {isa = PBXBuildFile; fileRef = 84C01D391A18D01F000B473C /* LumberjackFormatter.m */; };
/* End PBXBuildFile section */

/* Begin PBXContainerItemProxy section */
		840F3A651A18B39E00E8BFDE /* PBXContainerItemProxy */ = {
			isa = PBXContainerItemProxy;
			containerPortal = 840F3A401A18B39E00E8BFDE /* Project object */;
			proxyType = 1;
			remoteGlobalIDString = 840F3A471A18B39E00E8BFDE;
			remoteInfo = "WeatherFrog iOS";
		};
		8447DF5B1A18E2520011425A /* PBXContainerItemProxy */ = {
			isa = PBXContainerItemProxy;
			containerPortal = 8447DF551A18E2520011425A /* CorePlot-CocoaTouch.xcodeproj */;
			proxyType = 2;
			remoteGlobalIDString = BC9B83470FB8A0A40035D8DA;
			remoteInfo = "CorePlot-CocoaTouch";
		};
/* End PBXContainerItemProxy section */

/* Begin PBXFileReference section */
		840F3A481A18B39E00E8BFDE /* WeatherFrog iOS.app */ = {isa = PBXFileReference; explicitFileType = wrapper.application; includeInIndex = 0; path = "WeatherFrog iOS.app"; sourceTree = BUILT_PRODUCTS_DIR; };
		840F3A4C1A18B39E00E8BFDE /* Info.plist */ = {isa = PBXFileReference; lastKnownFileType = text.plist.xml; path = Info.plist; sourceTree = "<group>"; };
		840F3A4D1A18B39E00E8BFDE /* main.m */ = {isa = PBXFileReference; lastKnownFileType = sourcecode.c.objc; path = main.m; sourceTree = "<group>"; };
		840F3A4F1A18B39E00E8BFDE /* AppDelegate.h */ = {isa = PBXFileReference; lastKnownFileType = sourcecode.c.h; path = AppDelegate.h; sourceTree = "<group>"; };
		840F3A501A18B39E00E8BFDE /* AppDelegate.m */ = {isa = PBXFileReference; lastKnownFileType = sourcecode.c.objc; path = AppDelegate.m; sourceTree = "<group>"; };
		840F3A531A18B39E00E8BFDE /* WeatherFrog_iOS.xcdatamodel */ = {isa = PBXFileReference; lastKnownFileType = wrapper.xcdatamodel; path = WeatherFrog_iOS.xcdatamodel; sourceTree = "<group>"; };
		840F3A551A18B39E00E8BFDE /* ViewController.h */ = {isa = PBXFileReference; lastKnownFileType = sourcecode.c.h; path = ViewController.h; sourceTree = "<group>"; };
		840F3A561A18B39E00E8BFDE /* ViewController.m */ = {isa = PBXFileReference; lastKnownFileType = sourcecode.c.objc; path = ViewController.m; sourceTree = "<group>"; };
		840F3A591A18B39E00E8BFDE /* Base */ = {isa = PBXFileReference; lastKnownFileType = file.storyboard; name = Base; path = Base.lproj/Main.storyboard; sourceTree = "<group>"; };
		840F3A5B1A18B39E00E8BFDE /* Images.xcassets */ = {isa = PBXFileReference; lastKnownFileType = folder.assetcatalog; path = Images.xcassets; sourceTree = "<group>"; };
		840F3A5E1A18B39E00E8BFDE /* Base */ = {isa = PBXFileReference; lastKnownFileType = file.xib; name = Base; path = Base.lproj/LaunchScreen.xib; sourceTree = "<group>"; };
		840F3A641A18B39E00E8BFDE /* WeatherFrog iOSTests.xctest */ = {isa = PBXFileReference; explicitFileType = wrapper.cfbundle; includeInIndex = 0; path = "WeatherFrog iOSTests.xctest"; sourceTree = BUILT_PRODUCTS_DIR; };
		840F3A691A18B39E00E8BFDE /* Info.plist */ = {isa = PBXFileReference; lastKnownFileType = text.plist.xml; path = Info.plist; sourceTree = "<group>"; };
		840F3A6A1A18B39E00E8BFDE /* WeatherFrog_iOSTests.m */ = {isa = PBXFileReference; lastKnownFileType = sourcecode.c.objc; path = WeatherFrog_iOSTests.m; sourceTree = "<group>"; };
		840F3AE11A18B83400E8BFDE /* AFHTTPRequestOperation.h */ = {isa = PBXFileReference; fileEncoding = 4; lastKnownFileType = sourcecode.c.h; path = AFHTTPRequestOperation.h; sourceTree = "<group>"; };
		840F3AE21A18B83400E8BFDE /* AFHTTPRequestOperation.m */ = {isa = PBXFileReference; fileEncoding = 4; lastKnownFileType = sourcecode.c.objc; path = AFHTTPRequestOperation.m; sourceTree = "<group>"; };
		840F3AE31A18B83400E8BFDE /* AFHTTPRequestOperationManager.h */ = {isa = PBXFileReference; fileEncoding = 4; lastKnownFileType = sourcecode.c.h; path = AFHTTPRequestOperationManager.h; sourceTree = "<group>"; };
		840F3AE41A18B83400E8BFDE /* AFHTTPRequestOperationManager.m */ = {isa = PBXFileReference; fileEncoding = 4; lastKnownFileType = sourcecode.c.objc; path = AFHTTPRequestOperationManager.m; sourceTree = "<group>"; };
		840F3AE51A18B83400E8BFDE /* AFHTTPSessionManager.h */ = {isa = PBXFileReference; fileEncoding = 4; lastKnownFileType = sourcecode.c.h; path = AFHTTPSessionManager.h; sourceTree = "<group>"; };
		840F3AE61A18B83400E8BFDE /* AFHTTPSessionManager.m */ = {isa = PBXFileReference; fileEncoding = 4; lastKnownFileType = sourcecode.c.objc; path = AFHTTPSessionManager.m; sourceTree = "<group>"; };
		840F3AE71A18B83400E8BFDE /* AFNetworking.h */ = {isa = PBXFileReference; fileEncoding = 4; lastKnownFileType = sourcecode.c.h; path = AFNetworking.h; sourceTree = "<group>"; };
		840F3AE81A18B83400E8BFDE /* AFNetworkReachabilityManager.h */ = {isa = PBXFileReference; fileEncoding = 4; lastKnownFileType = sourcecode.c.h; path = AFNetworkReachabilityManager.h; sourceTree = "<group>"; };
		840F3AE91A18B83400E8BFDE /* AFNetworkReachabilityManager.m */ = {isa = PBXFileReference; fileEncoding = 4; lastKnownFileType = sourcecode.c.objc; path = AFNetworkReachabilityManager.m; sourceTree = "<group>"; };
		840F3AEA1A18B83400E8BFDE /* AFSecurityPolicy.h */ = {isa = PBXFileReference; fileEncoding = 4; lastKnownFileType = sourcecode.c.h; path = AFSecurityPolicy.h; sourceTree = "<group>"; };
		840F3AEB1A18B83400E8BFDE /* AFSecurityPolicy.m */ = {isa = PBXFileReference; fileEncoding = 4; lastKnownFileType = sourcecode.c.objc; path = AFSecurityPolicy.m; sourceTree = "<group>"; };
		840F3AEC1A18B83400E8BFDE /* AFURLConnectionOperation.h */ = {isa = PBXFileReference; fileEncoding = 4; lastKnownFileType = sourcecode.c.h; path = AFURLConnectionOperation.h; sourceTree = "<group>"; };
		840F3AED1A18B83400E8BFDE /* AFURLConnectionOperation.m */ = {isa = PBXFileReference; fileEncoding = 4; lastKnownFileType = sourcecode.c.objc; path = AFURLConnectionOperation.m; sourceTree = "<group>"; };
		840F3AEE1A18B83400E8BFDE /* AFURLRequestSerialization.h */ = {isa = PBXFileReference; fileEncoding = 4; lastKnownFileType = sourcecode.c.h; path = AFURLRequestSerialization.h; sourceTree = "<group>"; };
		840F3AEF1A18B83400E8BFDE /* AFURLRequestSerialization.m */ = {isa = PBXFileReference; fileEncoding = 4; lastKnownFileType = sourcecode.c.objc; path = AFURLRequestSerialization.m; sourceTree = "<group>"; };
		840F3AF01A18B83400E8BFDE /* AFURLResponseSerialization.h */ = {isa = PBXFileReference; fileEncoding = 4; lastKnownFileType = sourcecode.c.h; path = AFURLResponseSerialization.h; sourceTree = "<group>"; };
		840F3AF11A18B83400E8BFDE /* AFURLResponseSerialization.m */ = {isa = PBXFileReference; fileEncoding = 4; lastKnownFileType = sourcecode.c.objc; path = AFURLResponseSerialization.m; sourceTree = "<group>"; };
		840F3AF21A18B83400E8BFDE /* AFURLSessionManager.h */ = {isa = PBXFileReference; fileEncoding = 4; lastKnownFileType = sourcecode.c.h; path = AFURLSessionManager.h; sourceTree = "<group>"; };
		840F3AF31A18B83400E8BFDE /* AFURLSessionManager.m */ = {isa = PBXFileReference; fileEncoding = 4; lastKnownFileType = sourcecode.c.objc; path = AFURLSessionManager.m; sourceTree = "<group>"; };
		840F3B6E1A18B86200E8BFDE /* AFNetworkActivityIndicatorManager.h */ = {isa = PBXFileReference; fileEncoding = 4; lastKnownFileType = sourcecode.c.h; path = AFNetworkActivityIndicatorManager.h; sourceTree = "<group>"; };
		840F3B6F1A18B86200E8BFDE /* AFNetworkActivityIndicatorManager.m */ = {isa = PBXFileReference; fileEncoding = 4; lastKnownFileType = sourcecode.c.objc; path = AFNetworkActivityIndicatorManager.m; sourceTree = "<group>"; };
		840F3B701A18B86200E8BFDE /* UIActivityIndicatorView+AFNetworking.h */ = {isa = PBXFileReference; fileEncoding = 4; lastKnownFileType = sourcecode.c.h; path = "UIActivityIndicatorView+AFNetworking.h"; sourceTree = "<group>"; };
		840F3B711A18B86200E8BFDE /* UIActivityIndicatorView+AFNetworking.m */ = {isa = PBXFileReference; fileEncoding = 4; lastKnownFileType = sourcecode.c.objc; path = "UIActivityIndicatorView+AFNetworking.m"; sourceTree = "<group>"; };
		840F3B721A18B86200E8BFDE /* UIAlertView+AFNetworking.h */ = {isa = PBXFileReference; fileEncoding = 4; lastKnownFileType = sourcecode.c.h; path = "UIAlertView+AFNetworking.h"; sourceTree = "<group>"; };
		840F3B731A18B86200E8BFDE /* UIAlertView+AFNetworking.m */ = {isa = PBXFileReference; fileEncoding = 4; lastKnownFileType = sourcecode.c.objc; path = "UIAlertView+AFNetworking.m"; sourceTree = "<group>"; };
		840F3B741A18B86200E8BFDE /* UIButton+AFNetworking.h */ = {isa = PBXFileReference; fileEncoding = 4; lastKnownFileType = sourcecode.c.h; path = "UIButton+AFNetworking.h"; sourceTree = "<group>"; };
		840F3B751A18B86200E8BFDE /* UIButton+AFNetworking.m */ = {isa = PBXFileReference; fileEncoding = 4; lastKnownFileType = sourcecode.c.objc; path = "UIButton+AFNetworking.m"; sourceTree = "<group>"; };
		840F3B761A18B86200E8BFDE /* UIImageView+AFNetworking.h */ = {isa = PBXFileReference; fileEncoding = 4; lastKnownFileType = sourcecode.c.h; path = "UIImageView+AFNetworking.h"; sourceTree = "<group>"; };
		840F3B771A18B86200E8BFDE /* UIImageView+AFNetworking.m */ = {isa = PBXFileReference; fileEncoding = 4; lastKnownFileType = sourcecode.c.objc; path = "UIImageView+AFNetworking.m"; sourceTree = "<group>"; };
		840F3B781A18B86200E8BFDE /* UIKit+AFNetworking.h */ = {isa = PBXFileReference; fileEncoding = 4; lastKnownFileType = sourcecode.c.h; path = "UIKit+AFNetworking.h"; sourceTree = "<group>"; };
		840F3B791A18B86200E8BFDE /* UIProgressView+AFNetworking.h */ = {isa = PBXFileReference; fileEncoding = 4; lastKnownFileType = sourcecode.c.h; path = "UIProgressView+AFNetworking.h"; sourceTree = "<group>"; };
		840F3B7A1A18B86200E8BFDE /* UIProgressView+AFNetworking.m */ = {isa = PBXFileReference; fileEncoding = 4; lastKnownFileType = sourcecode.c.objc; path = "UIProgressView+AFNetworking.m"; sourceTree = "<group>"; };
		840F3B7B1A18B86200E8BFDE /* UIRefreshControl+AFNetworking.h */ = {isa = PBXFileReference; fileEncoding = 4; lastKnownFileType = sourcecode.c.h; path = "UIRefreshControl+AFNetworking.h"; sourceTree = "<group>"; };
		840F3B7C1A18B86200E8BFDE /* UIRefreshControl+AFNetworking.m */ = {isa = PBXFileReference; fileEncoding = 4; lastKnownFileType = sourcecode.c.objc; path = "UIRefreshControl+AFNetworking.m"; sourceTree = "<group>"; };
		840F3B7D1A18B86200E8BFDE /* UIWebView+AFNetworking.h */ = {isa = PBXFileReference; fileEncoding = 4; lastKnownFileType = sourcecode.c.h; path = "UIWebView+AFNetworking.h"; sourceTree = "<group>"; };
		840F3B7E1A18B86200E8BFDE /* UIWebView+AFNetworking.m */ = {isa = PBXFileReference; fileEncoding = 4; lastKnownFileType = sourcecode.c.objc; path = "UIWebView+AFNetworking.m"; sourceTree = "<group>"; };
		8447DF1E1A18DAE60011425A /* ISO8601DateFormatter.h */ = {isa = PBXFileReference; fileEncoding = 4; lastKnownFileType = sourcecode.c.h; path = ISO8601DateFormatter.h; sourceTree = "<group>"; };
		8447DF1F1A18DAE60011425A /* ISO8601DateFormatter.m */ = {isa = PBXFileReference; fileEncoding = 4; lastKnownFileType = sourcecode.c.objc; path = ISO8601DateFormatter.m; sourceTree = "<group>"; };
		8447DF2A1A18DB1A0011425A /* UIImageToDataTransformer.h */ = {isa = PBXFileReference; fileEncoding = 4; lastKnownFileType = sourcecode.c.h; path = UIImageToDataTransformer.h; sourceTree = "<group>"; };
		8447DF2B1A18DB1A0011425A /* UIImageToDataTransformer.m */ = {isa = PBXFileReference; fileEncoding = 4; lastKnownFileType = sourcecode.c.objc; path = UIImageToDataTransformer.m; sourceTree = "<group>"; };
		8447DF551A18E2520011425A /* CorePlot-CocoaTouch.xcodeproj */ = {isa = PBXFileReference; lastKnownFileType = "wrapper.pb-project"; name = "CorePlot-CocoaTouch.xcodeproj"; path = "../Submodules/CorePlot/framework/CorePlot-CocoaTouch.xcodeproj"; sourceTree = "<group>"; };
		84C01CF51A18CDDA000B473C /* DDAbstractDatabaseLogger.h */ = {isa = PBXFileReference; fileEncoding = 4; lastKnownFileType = sourcecode.c.h; path = DDAbstractDatabaseLogger.h; sourceTree = "<group>"; };
		84C01CF61A18CDDA000B473C /* DDAbstractDatabaseLogger.m */ = {isa = PBXFileReference; fileEncoding = 4; lastKnownFileType = sourcecode.c.objc; path = DDAbstractDatabaseLogger.m; sourceTree = "<group>"; };
		84C01CF71A18CDDA000B473C /* DDASLLogCapture.h */ = {isa = PBXFileReference; fileEncoding = 4; lastKnownFileType = sourcecode.c.h; path = DDASLLogCapture.h; sourceTree = "<group>"; };
		84C01CF81A18CDDA000B473C /* DDASLLogCapture.m */ = {isa = PBXFileReference; fileEncoding = 4; lastKnownFileType = sourcecode.c.objc; path = DDASLLogCapture.m; sourceTree = "<group>"; };
		84C01CF91A18CDDA000B473C /* DDASLLogger.h */ = {isa = PBXFileReference; fileEncoding = 4; lastKnownFileType = sourcecode.c.h; path = DDASLLogger.h; sourceTree = "<group>"; };
		84C01CFA1A18CDDA000B473C /* DDASLLogger.m */ = {isa = PBXFileReference; fileEncoding = 4; lastKnownFileType = sourcecode.c.objc; path = DDASLLogger.m; sourceTree = "<group>"; };
		84C01CFB1A18CDDA000B473C /* DDAssert.h */ = {isa = PBXFileReference; fileEncoding = 4; lastKnownFileType = sourcecode.c.h; path = DDAssert.h; sourceTree = "<group>"; };
		84C01CFC1A18CDDA000B473C /* DDFileLogger.h */ = {isa = PBXFileReference; fileEncoding = 4; lastKnownFileType = sourcecode.c.h; path = DDFileLogger.h; sourceTree = "<group>"; };
		84C01CFD1A18CDDA000B473C /* DDFileLogger.m */ = {isa = PBXFileReference; fileEncoding = 4; lastKnownFileType = sourcecode.c.objc; path = DDFileLogger.m; sourceTree = "<group>"; };
		84C01CFE1A18CDDA000B473C /* DDLog+LOGV.h */ = {isa = PBXFileReference; fileEncoding = 4; lastKnownFileType = sourcecode.c.h; path = "DDLog+LOGV.h"; sourceTree = "<group>"; };
		84C01CFF1A18CDDA000B473C /* DDLog.h */ = {isa = PBXFileReference; fileEncoding = 4; lastKnownFileType = sourcecode.c.h; path = DDLog.h; sourceTree = "<group>"; };
		84C01D001A18CDDA000B473C /* DDLog.m */ = {isa = PBXFileReference; fileEncoding = 4; lastKnownFileType = sourcecode.c.objc; path = DDLog.m; sourceTree = "<group>"; };
		84C01D011A18CDDA000B473C /* DDTTYLogger.h */ = {isa = PBXFileReference; fileEncoding = 4; lastKnownFileType = sourcecode.c.h; path = DDTTYLogger.h; sourceTree = "<group>"; };
		84C01D021A18CDDA000B473C /* DDTTYLogger.m */ = {isa = PBXFileReference; fileEncoding = 4; lastKnownFileType = sourcecode.c.objc; path = DDTTYLogger.m; sourceTree = "<group>"; };
		84C01D041A18CDDA000B473C /* DDContextFilterLogFormatter.h */ = {isa = PBXFileReference; fileEncoding = 4; lastKnownFileType = sourcecode.c.h; path = DDContextFilterLogFormatter.h; sourceTree = "<group>"; };
		84C01D051A18CDDA000B473C /* DDContextFilterLogFormatter.m */ = {isa = PBXFileReference; fileEncoding = 4; lastKnownFileType = sourcecode.c.objc; path = DDContextFilterLogFormatter.m; sourceTree = "<group>"; };
		84C01D061A18CDDA000B473C /* DDDispatchQueueLogFormatter.h */ = {isa = PBXFileReference; fileEncoding = 4; lastKnownFileType = sourcecode.c.h; path = DDDispatchQueueLogFormatter.h; sourceTree = "<group>"; };
		84C01D071A18CDDA000B473C /* DDDispatchQueueLogFormatter.m */ = {isa = PBXFileReference; fileEncoding = 4; lastKnownFileType = sourcecode.c.objc; path = DDDispatchQueueLogFormatter.m; sourceTree = "<group>"; };
		84C01D081A18CDDA000B473C /* DDMultiFormatter.h */ = {isa = PBXFileReference; fileEncoding = 4; lastKnownFileType = sourcecode.c.h; path = DDMultiFormatter.h; sourceTree = "<group>"; };
		84C01D091A18CDDA000B473C /* DDMultiFormatter.m */ = {isa = PBXFileReference; fileEncoding = 4; lastKnownFileType = sourcecode.c.objc; path = DDMultiFormatter.m; sourceTree = "<group>"; };
		84C01D0A1A18CDDA000B473C /* README.txt */ = {isa = PBXFileReference; fileEncoding = 4; lastKnownFileType = text; path = README.txt; sourceTree = "<group>"; };
		84C01D161A18CE30000B473C /* PrefixHeader.pch */ = {isa = PBXFileReference; lastKnownFileType = sourcecode.c.h; path = PrefixHeader.pch; sourceTree = "<group>"; };
		84C01D1A1A18D01F000B473C /* CLPlacemark+MKAnnotationDelegate.h */ = {isa = PBXFileReference; fileEncoding = 4; lastKnownFileType = sourcecode.c.h; path = "CLPlacemark+MKAnnotationDelegate.h"; sourceTree = "<group>"; };
		84C01D1B1A18D01F000B473C /* CLPlacemark+MKAnnotationDelegate.m */ = {isa = PBXFileReference; fileEncoding = 4; lastKnownFileType = sourcecode.c.objc; path = "CLPlacemark+MKAnnotationDelegate.m"; sourceTree = "<group>"; };
		84C01D1E1A18D01F000B473C /* NSDate+ISO8601Date.h */ = {isa = PBXFileReference; fileEncoding = 4; lastKnownFileType = sourcecode.c.h; path = "NSDate+ISO8601Date.h"; sourceTree = "<group>"; };
		84C01D1F1A18D01F000B473C /* NSDate+ISO8601Date.m */ = {isa = PBXFileReference; fileEncoding = 4; lastKnownFileType = sourcecode.c.objc; path = "NSDate+ISO8601Date.m"; sourceTree = "<group>"; };
		84C01D221A18D01F000B473C /* NSString+ISO8601Date.h */ = {isa = PBXFileReference; fileEncoding = 4; lastKnownFileType = sourcecode.c.h; path = "NSString+ISO8601Date.h"; sourceTree = "<group>"; };
		84C01D231A18D01F000B473C /* NSString+ISO8601Date.m */ = {isa = PBXFileReference; fileEncoding = 4; lastKnownFileType = sourcecode.c.objc; path = "NSString+ISO8601Date.m"; sourceTree = "<group>"; };
		84C01D251A18D01F000B473C /* NSString+URLEncoding.h */ = {isa = PBXFileReference; fileEncoding = 4; lastKnownFileType = sourcecode.c.h; path = "NSString+URLEncoding.h"; sourceTree = "<group>"; };
		84C01D261A18D01F000B473C /* NSString+URLEncoding.m */ = {isa = PBXFileReference; fileEncoding = 4; lastKnownFileType = sourcecode.c.objc; path = "NSString+URLEncoding.m"; sourceTree = "<group>"; };
		84C01D281A18D01F000B473C /* NSString+validation.h */ = {isa = PBXFileReference; fileEncoding = 4; lastKnownFileType = sourcecode.c.h; path = "NSString+validation.h"; sourceTree = "<group>"; };
		84C01D291A18D01F000B473C /* NSString+validation.m */ = {isa = PBXFileReference; fileEncoding = 4; lastKnownFileType = sourcecode.c.objc; path = "NSString+validation.m"; sourceTree = "<group>"; };
		84C01D2C1A18D01F000B473C /* UIImage+fixOrientation.h */ = {isa = PBXFileReference; fileEncoding = 4; lastKnownFileType = sourcecode.c.h; path = "UIImage+fixOrientation.h"; sourceTree = "<group>"; };
		84C01D2D1A18D01F000B473C /* UIImage+fixOrientation.m */ = {isa = PBXFileReference; fileEncoding = 4; lastKnownFileType = sourcecode.c.objc; path = "UIImage+fixOrientation.m"; sourceTree = "<group>"; };
		84C01D381A18D01F000B473C /* LumberjackFormatter.h */ = {isa = PBXFileReference; fileEncoding = 4; lastKnownFileType = sourcecode.c.h; path = LumberjackFormatter.h; sourceTree = "<group>"; };
		84C01D391A18D01F000B473C /* LumberjackFormatter.m */ = {isa = PBXFileReference; fileEncoding = 4; lastKnownFileType = sourcecode.c.objc; path = LumberjackFormatter.m; sourceTree = "<group>"; };
		84C01D4A1A18D082000B473C /* Lumberjack.h */ = {isa = PBXFileReference; lastKnownFileType = sourcecode.c.h; path = Lumberjack.h; sourceTree = "<group>"; };
/* End PBXFileReference section */

/* Begin PBXFrameworksBuildPhase section */
		840F3A451A18B39E00E8BFDE /* Frameworks */ = {
			isa = PBXFrameworksBuildPhase;
			buildActionMask = 2147483647;
			files = (
			);
			runOnlyForDeploymentPostprocessing = 0;
		};
		840F3A611A18B39E00E8BFDE /* Frameworks */ = {
			isa = PBXFrameworksBuildPhase;
			buildActionMask = 2147483647;
			files = (
			);
			runOnlyForDeploymentPostprocessing = 0;
		};
/* End PBXFrameworksBuildPhase section */

/* Begin PBXGroup section */
		840F3A3F1A18B39E00E8BFDE = {
			isa = PBXGroup;
			children = (
				8447DF551A18E2520011425A /* CorePlot-CocoaTouch.xcodeproj */,
				840F3A4A1A18B39E00E8BFDE /* WeatherFrog iOS */,
				840F3A671A18B39E00E8BFDE /* WeatherFrog iOSTests */,
				840F3B121A18B83400E8BFDE /* Vendor */,
				840F3A491A18B39E00E8BFDE /* Products */,
			);
			sourceTree = "<group>";
		};
		840F3A491A18B39E00E8BFDE /* Products */ = {
			isa = PBXGroup;
			children = (
				840F3A481A18B39E00E8BFDE /* WeatherFrog iOS.app */,
				840F3A641A18B39E00E8BFDE /* WeatherFrog iOSTests.xctest */,
			);
			name = Products;
			sourceTree = "<group>";
		};
		840F3A4A1A18B39E00E8BFDE /* WeatherFrog iOS */ = {
			isa = PBXGroup;
			children = (
				840F3A4F1A18B39E00E8BFDE /* AppDelegate.h */,
				840F3A501A18B39E00E8BFDE /* AppDelegate.m */,
				840F3A551A18B39E00E8BFDE /* ViewController.h */,
				840F3A561A18B39E00E8BFDE /* ViewController.m */,
				840F3A581A18B39E00E8BFDE /* Main.storyboard */,
				840F3A5B1A18B39E00E8BFDE /* Images.xcassets */,
				840F3A5D1A18B39E00E8BFDE /* LaunchScreen.xib */,
				840F3A521A18B39E00E8BFDE /* WeatherFrog_iOS.xcdatamodeld */,
				840F3A4B1A18B39E00E8BFDE /* Supporting Files */,
			);
			path = "WeatherFrog iOS";
			sourceTree = "<group>";
		};
		840F3A4B1A18B39E00E8BFDE /* Supporting Files */ = {
			isa = PBXGroup;
			children = (
				840F3A4C1A18B39E00E8BFDE /* Info.plist */,
				840F3A4D1A18B39E00E8BFDE /* main.m */,
				84C01D161A18CE30000B473C /* PrefixHeader.pch */,
				84C01D4A1A18D082000B473C /* Lumberjack.h */,
			);
			name = "Supporting Files";
			sourceTree = "<group>";
		};
		840F3A671A18B39E00E8BFDE /* WeatherFrog iOSTests */ = {
			isa = PBXGroup;
			children = (
				840F3A6A1A18B39E00E8BFDE /* WeatherFrog_iOSTests.m */,
				840F3A681A18B39E00E8BFDE /* Supporting Files */,
			);
			path = "WeatherFrog iOSTests";
			sourceTree = "<group>";
		};
		840F3A681A18B39E00E8BFDE /* Supporting Files */ = {
			isa = PBXGroup;
			children = (
				840F3A691A18B39E00E8BFDE /* Info.plist */,
			);
			name = "Supporting Files";
			sourceTree = "<group>";
		};
		840F3AF41A18B83400E8BFDE /* AFNetworking */ = {
			isa = PBXGroup;
			children = (
				840F3AE11A18B83400E8BFDE /* AFHTTPRequestOperation.h */,
				840F3AE21A18B83400E8BFDE /* AFHTTPRequestOperation.m */,
				840F3AE31A18B83400E8BFDE /* AFHTTPRequestOperationManager.h */,
				840F3AE41A18B83400E8BFDE /* AFHTTPRequestOperationManager.m */,
				840F3AE51A18B83400E8BFDE /* AFHTTPSessionManager.h */,
				840F3AE61A18B83400E8BFDE /* AFHTTPSessionManager.m */,
				840F3AE71A18B83400E8BFDE /* AFNetworking.h */,
				840F3AE81A18B83400E8BFDE /* AFNetworkReachabilityManager.h */,
				840F3AE91A18B83400E8BFDE /* AFNetworkReachabilityManager.m */,
				840F3AEA1A18B83400E8BFDE /* AFSecurityPolicy.h */,
				840F3AEB1A18B83400E8BFDE /* AFSecurityPolicy.m */,
				840F3AEC1A18B83400E8BFDE /* AFURLConnectionOperation.h */,
				840F3AED1A18B83400E8BFDE /* AFURLConnectionOperation.m */,
				840F3AEE1A18B83400E8BFDE /* AFURLRequestSerialization.h */,
				840F3AEF1A18B83400E8BFDE /* AFURLRequestSerialization.m */,
				840F3AF01A18B83400E8BFDE /* AFURLResponseSerialization.h */,
				840F3AF11A18B83400E8BFDE /* AFURLResponseSerialization.m */,
				840F3AF21A18B83400E8BFDE /* AFURLSessionManager.h */,
				840F3AF31A18B83400E8BFDE /* AFURLSessionManager.m */,
			);
			name = AFNetworking;
			path = Submodules/AFNetworking/AFNetworking;
			sourceTree = "<group>";
		};
		840F3B121A18B83400E8BFDE /* Vendor */ = {
			isa = PBXGroup;
			children = (
				84C01D171A18D01F000B473C /* Libraries */,
				84C01CF11A18CDDA000B473C /* Lumberjack */,
				840F3AF41A18B83400E8BFDE /* AFNetworking */,
				840F3B6D1A18B86200E8BFDE /* UIKit+AFNetworking */,
			);
			name = Vendor;
			path = ..;
			sourceTree = "<group>";
		};
		840F3B6D1A18B86200E8BFDE /* UIKit+AFNetworking */ = {
			isa = PBXGroup;
			children = (
				840F3B6E1A18B86200E8BFDE /* AFNetworkActivityIndicatorManager.h */,
				840F3B6F1A18B86200E8BFDE /* AFNetworkActivityIndicatorManager.m */,
				840F3B701A18B86200E8BFDE /* UIActivityIndicatorView+AFNetworking.h */,
				840F3B711A18B86200E8BFDE /* UIActivityIndicatorView+AFNetworking.m */,
				840F3B721A18B86200E8BFDE /* UIAlertView+AFNetworking.h */,
				840F3B731A18B86200E8BFDE /* UIAlertView+AFNetworking.m */,
				840F3B741A18B86200E8BFDE /* UIButton+AFNetworking.h */,
				840F3B751A18B86200E8BFDE /* UIButton+AFNetworking.m */,
				840F3B761A18B86200E8BFDE /* UIImageView+AFNetworking.h */,
				840F3B771A18B86200E8BFDE /* UIImageView+AFNetworking.m */,
				840F3B781A18B86200E8BFDE /* UIKit+AFNetworking.h */,
				840F3B791A18B86200E8BFDE /* UIProgressView+AFNetworking.h */,
				840F3B7A1A18B86200E8BFDE /* UIProgressView+AFNetworking.m */,
				840F3B7B1A18B86200E8BFDE /* UIRefreshControl+AFNetworking.h */,
				840F3B7C1A18B86200E8BFDE /* UIRefreshControl+AFNetworking.m */,
				840F3B7D1A18B86200E8BFDE /* UIWebView+AFNetworking.h */,
				840F3B7E1A18B86200E8BFDE /* UIWebView+AFNetworking.m */,
			);
			name = "UIKit+AFNetworking";
			path = "Submodules/AFNetworking/UIKit+AFNetworking";
			sourceTree = "<group>";
		};
		8447DF1D1A18DAE60011425A /* ISO86001DateFormatter */ = {
			isa = PBXGroup;
			children = (
				8447DF1E1A18DAE60011425A /* ISO8601DateFormatter.h */,
				8447DF1F1A18DAE60011425A /* ISO8601DateFormatter.m */,
			);
			path = ISO86001DateFormatter;
			sourceTree = "<group>";
		};
		8447DF251A18DB1A0011425A /* Transformers */ = {
			isa = PBXGroup;
			children = (
				8447DF291A18DB1A0011425A /* UIImageToDataTransformer */,
			);
			path = Transformers;
			sourceTree = "<group>";
		};
		8447DF291A18DB1A0011425A /* UIImageToDataTransformer */ = {
			isa = PBXGroup;
			children = (
				8447DF2A1A18DB1A0011425A /* UIImageToDataTransformer.h */,
				8447DF2B1A18DB1A0011425A /* UIImageToDataTransformer.m */,
			);
			path = UIImageToDataTransformer;
			sourceTree = "<group>";
		};
		8447DF561A18E2520011425A /* Products */ = {
			isa = PBXGroup;
			children = (
				8447DF5C1A18E2520011425A /* libCorePlot-CocoaTouch.a */,
			);
			name = Products;
			sourceTree = "<group>";
		};
		84C01CF11A18CDDA000B473C /* Lumberjack */ = {
			isa = PBXGroup;
			children = (
				84C01CF51A18CDDA000B473C /* DDAbstractDatabaseLogger.h */,
				84C01CF61A18CDDA000B473C /* DDAbstractDatabaseLogger.m */,
				84C01CF71A18CDDA000B473C /* DDASLLogCapture.h */,
				84C01CF81A18CDDA000B473C /* DDASLLogCapture.m */,
				84C01CF91A18CDDA000B473C /* DDASLLogger.h */,
				84C01CFA1A18CDDA000B473C /* DDASLLogger.m */,
				84C01CFB1A18CDDA000B473C /* DDAssert.h */,
				84C01CFC1A18CDDA000B473C /* DDFileLogger.h */,
				84C01CFD1A18CDDA000B473C /* DDFileLogger.m */,
				84C01CFE1A18CDDA000B473C /* DDLog+LOGV.h */,
				84C01CFF1A18CDDA000B473C /* DDLog.h */,
				84C01D001A18CDDA000B473C /* DDLog.m */,
				84C01D011A18CDDA000B473C /* DDTTYLogger.h */,
				84C01D021A18CDDA000B473C /* DDTTYLogger.m */,
				84C01D031A18CDDA000B473C /* Extensions */,
			);
			name = Lumberjack;
			path = Submodules/CocoaLumberjack/Lumberjack;
			sourceTree = "<group>";
		};
		84C01D031A18CDDA000B473C /* Extensions */ = {
			isa = PBXGroup;
			children = (
				84C01D041A18CDDA000B473C /* DDContextFilterLogFormatter.h */,
				84C01D051A18CDDA000B473C /* DDContextFilterLogFormatter.m */,
				84C01D061A18CDDA000B473C /* DDDispatchQueueLogFormatter.h */,
				84C01D071A18CDDA000B473C /* DDDispatchQueueLogFormatter.m */,
				84C01D081A18CDDA000B473C /* DDMultiFormatter.h */,
				84C01D091A18CDDA000B473C /* DDMultiFormatter.m */,
				84C01D0A1A18CDDA000B473C /* README.txt */,
			);
			path = Extensions;
			sourceTree = "<group>";
		};
		84C01D171A18D01F000B473C /* Libraries */ = {
			isa = PBXGroup;
			children = (
				84C01D181A18D01F000B473C /* Categories */,
				84C01D2E1A18D01F000B473C /* Classes */,
			);
			name = Libraries;
			path = Submodules/Libraries;
			sourceTree = "<group>";
		};
		84C01D181A18D01F000B473C /* Categories */ = {
			isa = PBXGroup;
			children = (
				84C01D191A18D01F000B473C /* CLPlacemark */,
				84C01D1C1A18D01F000B473C /* NSDate */,
				84C01D201A18D01F000B473C /* NSString */,
				84C01D2A1A18D01F000B473C /* UIImage */,
			);
			path = Categories;
			sourceTree = "<group>";
		};
		84C01D191A18D01F000B473C /* CLPlacemark */ = {
			isa = PBXGroup;
			children = (
				84C01D1A1A18D01F000B473C /* CLPlacemark+MKAnnotationDelegate.h */,
				84C01D1B1A18D01F000B473C /* CLPlacemark+MKAnnotationDelegate.m */,
			);
			path = CLPlacemark;
			sourceTree = "<group>";
		};
		84C01D1C1A18D01F000B473C /* NSDate */ = {
			isa = PBXGroup;
			children = (
				84C01D1D1A18D01F000B473C /* ISO8601Date */,
			);
			path = NSDate;
			sourceTree = "<group>";
		};
		84C01D1D1A18D01F000B473C /* ISO8601Date */ = {
			isa = PBXGroup;
			children = (
				84C01D1E1A18D01F000B473C /* NSDate+ISO8601Date.h */,
				84C01D1F1A18D01F000B473C /* NSDate+ISO8601Date.m */,
			);
			path = ISO8601Date;
			sourceTree = "<group>";
		};
		84C01D201A18D01F000B473C /* NSString */ = {
			isa = PBXGroup;
			children = (
				84C01D211A18D01F000B473C /* ISO8601Date */,
				84C01D241A18D01F000B473C /* URLEncoding */,
				84C01D271A18D01F000B473C /* Validation */,
			);
			path = NSString;
			sourceTree = "<group>";
		};
		84C01D211A18D01F000B473C /* ISO8601Date */ = {
			isa = PBXGroup;
			children = (
				84C01D221A18D01F000B473C /* NSString+ISO8601Date.h */,
				84C01D231A18D01F000B473C /* NSString+ISO8601Date.m */,
			);
			path = ISO8601Date;
			sourceTree = "<group>";
		};
		84C01D241A18D01F000B473C /* URLEncoding */ = {
			isa = PBXGroup;
			children = (
				84C01D251A18D01F000B473C /* NSString+URLEncoding.h */,
				84C01D261A18D01F000B473C /* NSString+URLEncoding.m */,
			);
			path = URLEncoding;
			sourceTree = "<group>";
		};
		84C01D271A18D01F000B473C /* Validation */ = {
			isa = PBXGroup;
			children = (
				84C01D281A18D01F000B473C /* NSString+validation.h */,
				84C01D291A18D01F000B473C /* NSString+validation.m */,
			);
			path = Validation;
			sourceTree = "<group>";
		};
		84C01D2A1A18D01F000B473C /* UIImage */ = {
			isa = PBXGroup;
			children = (
				84C01D2B1A18D01F000B473C /* FixOrientation */,
			);
			path = UIImage;
			sourceTree = "<group>";
		};
		84C01D2B1A18D01F000B473C /* FixOrientation */ = {
			isa = PBXGroup;
			children = (
				84C01D2C1A18D01F000B473C /* UIImage+fixOrientation.h */,
				84C01D2D1A18D01F000B473C /* UIImage+fixOrientation.m */,
			);
			path = FixOrientation;
			sourceTree = "<group>";
		};
		84C01D2E1A18D01F000B473C /* Classes */ = {
			isa = PBXGroup;
			children = (
				84C01D331A18D01F000B473C /* Formatters */,
				8447DF251A18DB1A0011425A /* Transformers */,
			);
			path = Classes;
			sourceTree = "<group>";
		};
		84C01D331A18D01F000B473C /* Formatters */ = {
			isa = PBXGroup;
			children = (
				8447DF1D1A18DAE60011425A /* ISO86001DateFormatter */,
				84C01D371A18D01F000B473C /* LumberJackFormatter */,
			);
			path = Formatters;
			sourceTree = "<group>";
		};
		84C01D371A18D01F000B473C /* LumberJackFormatter */ = {
			isa = PBXGroup;
			children = (
				84C01D381A18D01F000B473C /* LumberjackFormatter.h */,
				84C01D391A18D01F000B473C /* LumberjackFormatter.m */,
			);
			path = LumberJackFormatter;
			sourceTree = "<group>";
		};
/* End PBXGroup section */

/* Begin PBXNativeTarget section */
		840F3A471A18B39E00E8BFDE /* WeatherFrog iOS */ = {
			isa = PBXNativeTarget;
			buildConfigurationList = 840F3A6E1A18B39E00E8BFDE /* Build configuration list for PBXNativeTarget "WeatherFrog iOS" */;
			buildPhases = (
				840F3A441A18B39E00E8BFDE /* Sources */,
				840F3A451A18B39E00E8BFDE /* Frameworks */,
				840F3A461A18B39E00E8BFDE /* Resources */,
			);
			buildRules = (
			);
			dependencies = (
			);
			name = "WeatherFrog iOS";
			productName = "WeatherFrog iOS";
			productReference = 840F3A481A18B39E00E8BFDE /* WeatherFrog iOS.app */;
			productType = "com.apple.product-type.application";
		};
		840F3A631A18B39E00E8BFDE /* WeatherFrog iOSTests */ = {
			isa = PBXNativeTarget;
			buildConfigurationList = 840F3A711A18B39E00E8BFDE /* Build configuration list for PBXNativeTarget "WeatherFrog iOSTests" */;
			buildPhases = (
				840F3A601A18B39E00E8BFDE /* Sources */,
				840F3A611A18B39E00E8BFDE /* Frameworks */,
				840F3A621A18B39E00E8BFDE /* Resources */,
			);
			buildRules = (
			);
			dependencies = (
				840F3A661A18B39E00E8BFDE /* PBXTargetDependency */,
			);
			name = "WeatherFrog iOSTests";
			productName = "WeatherFrog iOSTests";
			productReference = 840F3A641A18B39E00E8BFDE /* WeatherFrog iOSTests.xctest */;
			productType = "com.apple.product-type.bundle.unit-test";
		};
/* End PBXNativeTarget section */

/* Begin PBXProject section */
		840F3A401A18B39E00E8BFDE /* Project object */ = {
			isa = PBXProject;
			attributes = {
				LastUpgradeCheck = 0610;
				ORGANIZATIONNAME = "IC Servis, s.r.o.";
				TargetAttributes = {
					840F3A471A18B39E00E8BFDE = {
						CreatedOnToolsVersion = 6.1;
						DevelopmentTeam = PH3V9JYRDW;
					};
					840F3A631A18B39E00E8BFDE = {
						CreatedOnToolsVersion = 6.1;
						TestTargetID = 840F3A471A18B39E00E8BFDE;
					};
				};
			};
			buildConfigurationList = 840F3A431A18B39E00E8BFDE /* Build configuration list for PBXProject "WeatherFrog iOS" */;
			compatibilityVersion = "Xcode 3.2";
			developmentRegion = English;
			hasScannedForEncodings = 0;
			knownRegions = (
				en,
				Base,
			);
			mainGroup = 840F3A3F1A18B39E00E8BFDE;
			productRefGroup = 840F3A491A18B39E00E8BFDE /* Products */;
			projectDirPath = "";
			projectReferences = (
				{
					ProductGroup = 8447DF561A18E2520011425A /* Products */;
					ProjectRef = 8447DF551A18E2520011425A /* CorePlot-CocoaTouch.xcodeproj */;
				},
			);
			projectRoot = "";
			targets = (
				840F3A471A18B39E00E8BFDE /* WeatherFrog iOS */,
				840F3A631A18B39E00E8BFDE /* WeatherFrog iOSTests */,
			);
		};
/* End PBXProject section */

/* Begin PBXReferenceProxy section */
		8447DF5C1A18E2520011425A /* libCorePlot-CocoaTouch.a */ = {
			isa = PBXReferenceProxy;
			fileType = archive.ar;
			path = "libCorePlot-CocoaTouch.a";
			remoteRef = 8447DF5B1A18E2520011425A /* PBXContainerItemProxy */;
			sourceTree = BUILT_PRODUCTS_DIR;
		};
/* End PBXReferenceProxy section */

/* Begin PBXResourcesBuildPhase section */
		840F3A461A18B39E00E8BFDE /* Resources */ = {
			isa = PBXResourcesBuildPhase;
			buildActionMask = 2147483647;
			files = (
				840F3A5A1A18B39E00E8BFDE /* Main.storyboard in Resources */,
				840F3A5F1A18B39E00E8BFDE /* LaunchScreen.xib in Resources */,
				84C01D151A18CDDA000B473C /* README.txt in Resources */,
				840F3A5C1A18B39E00E8BFDE /* Images.xcassets in Resources */,
			);
			runOnlyForDeploymentPostprocessing = 0;
		};
		840F3A621A18B39E00E8BFDE /* Resources */ = {
			isa = PBXResourcesBuildPhase;
			buildActionMask = 2147483647;
			files = (
			);
			runOnlyForDeploymentPostprocessing = 0;
		};
/* End PBXResourcesBuildPhase section */

/* Begin PBXSourcesBuildPhase section */
		840F3A441A18B39E00E8BFDE /* Sources */ = {
			isa = PBXSourcesBuildPhase;
			buildActionMask = 2147483647;
			files = (
				840F3A511A18B39E00E8BFDE /* AppDelegate.m in Sources */,
				84C01D0F1A18CDDA000B473C /* DDFileLogger.m in Sources */,
				840F3B821A18B86200E8BFDE /* UIButton+AFNetworking.m in Sources */,
				840F3B861A18B86200E8BFDE /* UIWebView+AFNetworking.m in Sources */,
				840F3B841A18B86200E8BFDE /* UIProgressView+AFNetworking.m in Sources */,
				84C01D111A18CDDA000B473C /* DDTTYLogger.m in Sources */,
				8447DF2D1A18DB1A0011425A /* UIImageToDataTransformer.m in Sources */,
				84C01D441A18D01F000B473C /* UIImage+fixOrientation.m in Sources */,
				8447DF201A18DAE60011425A /* ISO8601DateFormatter.m in Sources */,
				84C01D411A18D01F000B473C /* NSString+ISO8601Date.m in Sources */,
				84C01D121A18CDDA000B473C /* DDContextFilterLogFormatter.m in Sources */,
				84C01D0E1A18CDDA000B473C /* DDASLLogger.m in Sources */,
				84C01D101A18CDDA000B473C /* DDLog.m in Sources */,
				840F3B831A18B86200E8BFDE /* UIImageView+AFNetworking.m in Sources */,
				840F3B171A18B83400E8BFDE /* AFSecurityPolicy.m in Sources */,
				840F3A4E1A18B39E00E8BFDE /* main.m in Sources */,
				84C01D471A18D01F000B473C /* LumberjackFormatter.m in Sources */,
				84C01D431A18D01F000B473C /* NSString+validation.m in Sources */,
				84C01D0C1A18CDDA000B473C /* DDAbstractDatabaseLogger.m in Sources */,
				840F3B141A18B83400E8BFDE /* AFHTTPRequestOperationManager.m in Sources */,
				840F3B181A18B83400E8BFDE /* AFURLConnectionOperation.m in Sources */,
				840F3B801A18B86200E8BFDE /* UIActivityIndicatorView+AFNetworking.m in Sources */,
				840F3B131A18B83400E8BFDE /* AFHTTPRequestOperation.m in Sources */,
				84C01D401A18D01F000B473C /* NSDate+ISO8601Date.m in Sources */,
				84C01D141A18CDDA000B473C /* DDMultiFormatter.m in Sources */,
				84C01D131A18CDDA000B473C /* DDDispatchQueueLogFormatter.m in Sources */,
				840F3A571A18B39E00E8BFDE /* ViewController.m in Sources */,
				840F3B191A18B83400E8BFDE /* AFURLRequestSerialization.m in Sources */,
				840F3B151A18B83400E8BFDE /* AFHTTPSessionManager.m in Sources */,
				840F3B161A18B83400E8BFDE /* AFNetworkReachabilityManager.m in Sources */,
				840F3B851A18B86200E8BFDE /* UIRefreshControl+AFNetworking.m in Sources */,
				840F3B811A18B86200E8BFDE /* UIAlertView+AFNetworking.m in Sources */,
				84C01D0D1A18CDDA000B473C /* DDASLLogCapture.m in Sources */,
				84C01D3F1A18D01F000B473C /* CLPlacemark+MKAnnotationDelegate.m in Sources */,
				840F3B1A1A18B83400E8BFDE /* AFURLResponseSerialization.m in Sources */,
				840F3B1B1A18B83400E8BFDE /* AFURLSessionManager.m in Sources */,
				840F3A541A18B39E00E8BFDE /* WeatherFrog_iOS.xcdatamodeld in Sources */,
				84C01D421A18D01F000B473C /* NSString+URLEncoding.m in Sources */,
				840F3B7F1A18B86200E8BFDE /* AFNetworkActivityIndicatorManager.m in Sources */,
			);
			runOnlyForDeploymentPostprocessing = 0;
		};
		840F3A601A18B39E00E8BFDE /* Sources */ = {
			isa = PBXSourcesBuildPhase;
			buildActionMask = 2147483647;
			files = (
				840F3A6B1A18B39E00E8BFDE /* WeatherFrog_iOSTests.m in Sources */,
			);
			runOnlyForDeploymentPostprocessing = 0;
		};
/* End PBXSourcesBuildPhase section */

/* Begin PBXTargetDependency section */
		840F3A661A18B39E00E8BFDE /* PBXTargetDependency */ = {
			isa = PBXTargetDependency;
			target = 840F3A471A18B39E00E8BFDE /* WeatherFrog iOS */;
			targetProxy = 840F3A651A18B39E00E8BFDE /* PBXContainerItemProxy */;
		};
/* End PBXTargetDependency section */

/* Begin PBXVariantGroup section */
		840F3A581A18B39E00E8BFDE /* Main.storyboard */ = {
			isa = PBXVariantGroup;
			children = (
				840F3A591A18B39E00E8BFDE /* Base */,
			);
			name = Main.storyboard;
			sourceTree = "<group>";
		};
		840F3A5D1A18B39E00E8BFDE /* LaunchScreen.xib */ = {
			isa = PBXVariantGroup;
			children = (
				840F3A5E1A18B39E00E8BFDE /* Base */,
			);
			name = LaunchScreen.xib;
			sourceTree = "<group>";
		};
/* End PBXVariantGroup section */

/* Begin XCBuildConfiguration section */
		840F3A6C1A18B39E00E8BFDE /* Debug */ = {
			isa = XCBuildConfiguration;
			buildSettings = {
				ALWAYS_SEARCH_USER_PATHS = NO;
				CLANG_CXX_LANGUAGE_STANDARD = "gnu++0x";
				CLANG_CXX_LIBRARY = "libc++";
				CLANG_ENABLE_MODULES = YES;
				CLANG_ENABLE_OBJC_ARC = YES;
				CLANG_WARN_BOOL_CONVERSION = YES;
				CLANG_WARN_CONSTANT_CONVERSION = YES;
				CLANG_WARN_DIRECT_OBJC_ISA_USAGE = YES_ERROR;
				CLANG_WARN_EMPTY_BODY = YES;
				CLANG_WARN_ENUM_CONVERSION = YES;
				CLANG_WARN_INT_CONVERSION = YES;
				CLANG_WARN_OBJC_ROOT_CLASS = YES_ERROR;
				CLANG_WARN_UNREACHABLE_CODE = YES;
				CLANG_WARN__DUPLICATE_METHOD_MATCH = YES;
				"CODE_SIGN_IDENTITY[sdk=iphoneos*]" = "iPhone Developer";
				COPY_PHASE_STRIP = NO;
				ENABLE_STRICT_OBJC_MSGSEND = YES;
				GCC_C_LANGUAGE_STANDARD = gnu99;
				GCC_DYNAMIC_NO_PIC = NO;
				GCC_OPTIMIZATION_LEVEL = 0;
				GCC_PRECOMPILE_PREFIX_HEADER = YES;
				GCC_PREFIX_HEADER = "WeatherFrog iOS/PrefixHeader.pch";
				GCC_PREPROCESSOR_DEFINITIONS = (
					"DEBUG=1",
					"$(inherited)",
				);
				GCC_SYMBOLS_PRIVATE_EXTERN = NO;
				GCC_WARN_64_TO_32_BIT_CONVERSION = YES;
				GCC_WARN_ABOUT_RETURN_TYPE = YES_ERROR;
				GCC_WARN_UNDECLARED_SELECTOR = YES;
				GCC_WARN_UNINITIALIZED_AUTOS = YES_AGGRESSIVE;
				GCC_WARN_UNUSED_FUNCTION = YES;
				GCC_WARN_UNUSED_VARIABLE = YES;
				IPHONEOS_DEPLOYMENT_TARGET = 8.1;
				MTL_ENABLE_DEBUG_INFO = YES;
				ONLY_ACTIVE_ARCH = YES;
				SDKROOT = iphoneos;
				TARGETED_DEVICE_FAMILY = "1,2";
			};
			name = Debug;
		};
		840F3A6D1A18B39E00E8BFDE /* Release */ = {
			isa = XCBuildConfiguration;
			buildSettings = {
				ALWAYS_SEARCH_USER_PATHS = NO;
				CLANG_CXX_LANGUAGE_STANDARD = "gnu++0x";
				CLANG_CXX_LIBRARY = "libc++";
				CLANG_ENABLE_MODULES = YES;
				CLANG_ENABLE_OBJC_ARC = YES;
				CLANG_WARN_BOOL_CONVERSION = YES;
				CLANG_WARN_CONSTANT_CONVERSION = YES;
				CLANG_WARN_DIRECT_OBJC_ISA_USAGE = YES_ERROR;
				CLANG_WARN_EMPTY_BODY = YES;
				CLANG_WARN_ENUM_CONVERSION = YES;
				CLANG_WARN_INT_CONVERSION = YES;
				CLANG_WARN_OBJC_ROOT_CLASS = YES_ERROR;
				CLANG_WARN_UNREACHABLE_CODE = YES;
				CLANG_WARN__DUPLICATE_METHOD_MATCH = YES;
				"CODE_SIGN_IDENTITY[sdk=iphoneos*]" = "iPhone Developer";
				COPY_PHASE_STRIP = YES;
				ENABLE_NS_ASSERTIONS = NO;
				ENABLE_STRICT_OBJC_MSGSEND = YES;
				GCC_C_LANGUAGE_STANDARD = gnu99;
				GCC_PRECOMPILE_PREFIX_HEADER = YES;
				GCC_PREFIX_HEADER = "WeatherFrog iOS/PrefixHeader.pch";
				GCC_WARN_64_TO_32_BIT_CONVERSION = YES;
				GCC_WARN_ABOUT_RETURN_TYPE = YES_ERROR;
				GCC_WARN_UNDECLARED_SELECTOR = YES;
				GCC_WARN_UNINITIALIZED_AUTOS = YES_AGGRESSIVE;
				GCC_WARN_UNUSED_FUNCTION = YES;
				GCC_WARN_UNUSED_VARIABLE = YES;
				IPHONEOS_DEPLOYMENT_TARGET = 8.1;
				MTL_ENABLE_DEBUG_INFO = NO;
				SDKROOT = iphoneos;
				TARGETED_DEVICE_FAMILY = "1,2";
				VALIDATE_PRODUCT = YES;
			};
			name = Release;
		};
		840F3A6F1A18B39E00E8BFDE /* Debug */ = {
			isa = XCBuildConfiguration;
			buildSettings = {
				ASSETCATALOG_COMPILER_APPICON_NAME = AppIcon;
				CODE_SIGN_IDENTITY = "iPhone Developer";
				INFOPLIST_FILE = "WeatherFrog iOS/Info.plist";
				LD_RUNPATH_SEARCH_PATHS = "$(inherited) @executable_path/Frameworks";
				PRODUCT_NAME = "$(TARGET_NAME)";
			};
			name = Debug;
		};
		840F3A701A18B39E00E8BFDE /* Release */ = {
			isa = XCBuildConfiguration;
			buildSettings = {
				ASSETCATALOG_COMPILER_APPICON_NAME = AppIcon;
				CODE_SIGN_IDENTITY = "iPhone Developer";
				INFOPLIST_FILE = "WeatherFrog iOS/Info.plist";
				LD_RUNPATH_SEARCH_PATHS = "$(inherited) @executable_path/Frameworks";
				PRODUCT_NAME = "$(TARGET_NAME)";
			};
			name = Release;
		};
		840F3A721A18B39E00E8BFDE /* Debug */ = {
			isa = XCBuildConfiguration;
			buildSettings = {
				BUNDLE_LOADER = "$(TEST_HOST)";
				FRAMEWORK_SEARCH_PATHS = (
					"$(SDKROOT)/Developer/Library/Frameworks",
					"$(inherited)",
				);
				GCC_PREPROCESSOR_DEFINITIONS = (
					"DEBUG=1",
					"$(inherited)",
				);
				INFOPLIST_FILE = "WeatherFrog iOSTests/Info.plist";
				LD_RUNPATH_SEARCH_PATHS = "$(inherited) @executable_path/Frameworks @loader_path/Frameworks";
				PRODUCT_NAME = "$(TARGET_NAME)";
				TEST_HOST = "$(BUILT_PRODUCTS_DIR)/WeatherFrog iOS.app/WeatherFrog iOS";
			};
			name = Debug;
		};
		840F3A731A18B39E00E8BFDE /* Release */ = {
			isa = XCBuildConfiguration;
			buildSettings = {
				BUNDLE_LOADER = "$(TEST_HOST)";
				FRAMEWORK_SEARCH_PATHS = (
					"$(SDKROOT)/Developer/Library/Frameworks",
					"$(inherited)",
				);
				INFOPLIST_FILE = "WeatherFrog iOSTests/Info.plist";
				LD_RUNPATH_SEARCH_PATHS = "$(inherited) @executable_path/Frameworks @loader_path/Frameworks";
				PRODUCT_NAME = "$(TARGET_NAME)";
				TEST_HOST = "$(BUILT_PRODUCTS_DIR)/WeatherFrog iOS.app/WeatherFrog iOS";
			};
			name = Release;
		};
/* End XCBuildConfiguration section */

/* Begin XCConfigurationList section */
		840F3A431A18B39E00E8BFDE /* Build configuration list for PBXProject "WeatherFrog iOS" */ = {
			isa = XCConfigurationList;
			buildConfigurations = (
				840F3A6C1A18B39E00E8BFDE /* Debug */,
				840F3A6D1A18B39E00E8BFDE /* Release */,
			);
			defaultConfigurationIsVisible = 0;
			defaultConfigurationName = Release;
		};
		840F3A6E1A18B39E00E8BFDE /* Build configuration list for PBXNativeTarget "WeatherFrog iOS" */ = {
			isa = XCConfigurationList;
			buildConfigurations = (
				840F3A6F1A18B39E00E8BFDE /* Debug */,
				840F3A701A18B39E00E8BFDE /* Release */,
			);
			defaultConfigurationIsVisible = 0;
			defaultConfigurationName = Release;
		};
		840F3A711A18B39E00E8BFDE /* Build configuration list for PBXNativeTarget "WeatherFrog iOSTests" */ = {
			isa = XCConfigurationList;
			buildConfigurations = (
				840F3A721A18B39E00E8BFDE /* Debug */,
				840F3A731A18B39E00E8BFDE /* Release */,
			);
			defaultConfigurationIsVisible = 0;
			defaultConfigurationName = Release;
		};
/* End XCConfigurationList section */

/* Begin XCVersionGroup section */
		840F3A521A18B39E00E8BFDE /* WeatherFrog_iOS.xcdatamodeld */ = {
			isa = XCVersionGroup;
			children = (
				840F3A531A18B39E00E8BFDE /* WeatherFrog_iOS.xcdatamodel */,
			);
			currentVersion = 840F3A531A18B39E00E8BFDE /* WeatherFrog_iOS.xcdatamodel */;
			path = WeatherFrog_iOS.xcdatamodeld;
			sourceTree = "<group>";
			versionGroupType = wrapper.xcdatamodel;
		};
/* End XCVersionGroup section */
	};
	rootObject = 840F3A401A18B39E00E8BFDE /* Project object */;
}
